{
  "version": 4,
  "terraform_version": "1.3.9",
  "serial": 59,
  "lineage": "69aa2326-0a8c-8e8f-9aec-7fea32d2d44f",
  "outputs": {},
  "resources": [
    {
      "module": "module.alb-create",
      "mode": "managed",
      "type": "yandex_alb_backend_group",
      "name": "alb-bg",
      "provider": "provider[\"registry.terraform.io/yandex-cloud/yandex\"]",
      "instances": [
        {
          "schema_version": 0,
          "attributes": {
            "created_at": "2023-02-19T17:38:20Z",
            "description": "",
            "folder_id": "b1gj663jbfpghh0r2qsk",
            "grpc_backend": [],
            "http_backend": [
              {
                "healthcheck": [
                  {
                    "grpc_healthcheck": [],
                    "healthcheck_port": 5000,
                    "healthy_threshold": 0,
                    "http_healthcheck": [
                      {
                        "host": "",
                        "http2": false,
                        "path": "/hello"
                      }
                    ],
                    "interval": "2s",
                    "interval_jitter_percent": 0,
                    "stream_healthcheck": [],
                    "timeout": "10s",
                    "unhealthy_threshold": 0
                  }
                ],
                "http2": false,
                "load_balancing_config": [],
                "name": "backend-1",
                "port": 5000,
                "storage_bucket": "",
                "target_group_ids": [
                  "ds78uejufj5fau7fc9t8"
                ],
                "tls": [],
                "weight": 1
              }
            ],
            "id": "ds7nejvfpm9r0pikkr7c",
            "labels": {},
            "name": "alb-bg",
            "session_affinity": [],
            "stream_backend": [],
            "timeouts": null
          },
          "sensitive_attributes": [],
          "private": "eyJlMmJmYjczMC1lY2FhLTExZTYtOGY4OC0zNDM2M2JjN2M0YzAiOnsiY3JlYXRlIjozMDAwMDAwMDAwMDAsImRlbGV0ZSI6MzAwMDAwMDAwMDAwLCJ1cGRhdGUiOjMwMDAwMDAwMDAwMH19",
          "dependencies": [
            "module.alb-create.yandex_compute_image.container-optimized-image",
            "module.alb-create.yandex_compute_instance_group.alb-vm-group",
            "module.alb-create.yandex_vpc_security_group.alb-sg",
            "module.alb-create.yandex_vpc_security_group.alb-vm-sg",
            "module.alb-create.yandex_vpc_subnet.subnet-1",
            "module.alb-create.yandex_vpc_subnet.subnet-2",
            "module.alb-create.yandex_vpc_subnet.subnet-3",
            "module.container-build.null_resource.container-build",
            "module.container-build.null_resource.container-push",
            "module.mdb-create.yandex_mdb_mysql_cluster.my-mysql",
            "module.mdb-create.yandex_mdb_mysql_database.db1",
            "module.mdb-create.yandex_mdb_mysql_user.lab-user",
            "module.mdb-create.yandex_vpc_security_group.mysql-sg",
            "module.mdb-create.yandex_vpc_subnet.mydbsubnet",
            "module.network-create.yandex_vpc_network.mynet",
            "module.service-account-create.yandex_iam_service_account.myaccount",
            "module.service-account-create.yandex_kms_symmetric_key.kms-key",
            "module.service-account-create.yandex_kms_symmetric_key_iam_binding.viewer",
            "module.service-account-create.yandex_resourcemanager_folder_iam_binding.alb-editor",
            "module.service-account-create.yandex_resourcemanager_folder_iam_binding.certificate-downloader",
            "module.service-account-create.yandex_resourcemanager_folder_iam_binding.compute-viewer",
            "module.service-account-create.yandex_resourcemanager_folder_iam_binding.editor",
            "module.service-account-create.yandex_resourcemanager_folder_iam_binding.images-puller",
            "module.service-account-create.yandex_resourcemanager_folder_iam_binding.k8s-clusters-agent",
            "module.service-account-create.yandex_resourcemanager_folder_iam_binding.load-balancer-admin",
            "module.service-account-create.yandex_resourcemanager_folder_iam_binding.vpc-public-admin"
          ]
        }
      ]
    },
    {
      "module": "module.alb-create",
      "mode": "managed",
      "type": "yandex_alb_http_router",
      "name": "alb-router",
      "provider": "provider[\"registry.terraform.io/yandex-cloud/yandex\"]",
      "instances": [
        {
          "schema_version": 0,
          "attributes": {
            "created_at": "2023-02-19T17:36:29Z",
            "description": "",
            "folder_id": "b1gj663jbfpghh0r2qsk",
            "id": "ds74am9ha7liljrqke4o",
            "labels": {},
            "name": "alb-router",
            "route_options": [],
            "timeouts": null
          },
          "sensitive_attributes": [],
          "private": "eyJlMmJmYjczMC1lY2FhLTExZTYtOGY4OC0zNDM2M2JjN2M0YzAiOnsiY3JlYXRlIjozMDAwMDAwMDAwMDAsImRlbGV0ZSI6MzAwMDAwMDAwMDAwLCJ1cGRhdGUiOjMwMDAwMDAwMDAwMH19",
          "dependencies": [
            "module.container-build.null_resource.container-build",
            "module.container-build.null_resource.container-push",
            "module.mdb-create.yandex_mdb_mysql_cluster.my-mysql",
            "module.mdb-create.yandex_mdb_mysql_database.db1",
            "module.mdb-create.yandex_mdb_mysql_user.lab-user",
            "module.mdb-create.yandex_vpc_security_group.mysql-sg",
            "module.mdb-create.yandex_vpc_subnet.mydbsubnet",
            "module.network-create.yandex_vpc_network.mynet",
            "module.service-account-create.yandex_iam_service_account.myaccount",
            "module.service-account-create.yandex_kms_symmetric_key.kms-key",
            "module.service-account-create.yandex_kms_symmetric_key_iam_binding.viewer",
            "module.service-account-create.yandex_resourcemanager_folder_iam_binding.alb-editor",
            "module.service-account-create.yandex_resourcemanager_folder_iam_binding.certificate-downloader",
            "module.service-account-create.yandex_resourcemanager_folder_iam_binding.compute-viewer",
            "module.service-account-create.yandex_resourcemanager_folder_iam_binding.editor",
            "module.service-account-create.yandex_resourcemanager_folder_iam_binding.images-puller",
            "module.service-account-create.yandex_resourcemanager_folder_iam_binding.k8s-clusters-agent",
            "module.service-account-create.yandex_resourcemanager_folder_iam_binding.load-balancer-admin",
            "module.service-account-create.yandex_resourcemanager_folder_iam_binding.vpc-public-admin"
          ]
        }
      ]
    },
    {
      "module": "module.alb-create",
      "mode": "managed",
      "type": "yandex_alb_load_balancer",
      "name": "alb-1",
      "provider": "provider[\"registry.terraform.io/yandex-cloud/yandex\"]",
      "instances": [
        {
          "schema_version": 0,
          "attributes": {
            "allocation_policy": [
              {
                "location": [
                  {
                    "disable_traffic": false,
                    "subnet_id": "b0c3l4as1s75n4cei6hs",
                    "zone_id": "ru-central1-c"
                  },
                  {
                    "disable_traffic": false,
                    "subnet_id": "e2l7o0nm26nghc9e29ur",
                    "zone_id": "ru-central1-b"
                  },
                  {
                    "disable_traffic": false,
                    "subnet_id": "e9bok03akfsv4b2vv85t",
                    "zone_id": "ru-central1-a"
                  }
                ]
              }
            ],
            "created_at": "2023-02-19T17:36:33Z",
            "description": "",
            "folder_id": "b1gj663jbfpghh0r2qsk",
            "id": "ds7kaasm8iu7tb9hv1ii",
            "labels": {},
            "listener": [
              {
                "endpoint": [
                  {
                    "address": [
                      {
                        "external_ipv4_address": [
                          {
                            "address": "51.250.33.182"
                          }
                        ],
                        "external_ipv6_address": [],
                        "internal_ipv4_address": []
                      }
                    ],
                    "ports": [
                      80
                    ]
                  }
                ],
                "http": [
                  {
                    "handler": [
                      {
                        "allow_http10": false,
                        "http2_options": [],
                        "http_router_id": "ds74am9ha7liljrqke4o"
                      }
                    ],
                    "redirects": []
                  }
                ],
                "name": "alb-listener",
                "stream": [],
                "tls": []
              }
            ],
            "log_group_id": "ckgc10hb2mdp1ksvs9bc",
            "log_options": [],
            "name": "alb-1",
            "network_id": "enp50lqriudv4rh4l3bo",
            "region_id": "",
            "security_group_ids": [
              "enp1v22u7oobjh4q16mk"
            ],
            "status": "active",
            "timeouts": null
          },
          "sensitive_attributes": [],
          "private": "eyJlMmJmYjczMC1lY2FhLTExZTYtOGY4OC0zNDM2M2JjN2M0YzAiOnsiY3JlYXRlIjo2MDAwMDAwMDAwMDAsImRlbGV0ZSI6NjAwMDAwMDAwMDAwLCJ1cGRhdGUiOjYwMDAwMDAwMDAwMH19",
          "dependencies": [
            "module.alb-create.yandex_alb_http_router.alb-router",
            "module.alb-create.yandex_vpc_security_group.alb-sg",
            "module.alb-create.yandex_vpc_subnet.subnet-1",
            "module.alb-create.yandex_vpc_subnet.subnet-2",
            "module.alb-create.yandex_vpc_subnet.subnet-3",
            "module.container-build.null_resource.container-build",
            "module.container-build.null_resource.container-push",
            "module.mdb-create.yandex_mdb_mysql_cluster.my-mysql",
            "module.mdb-create.yandex_mdb_mysql_database.db1",
            "module.mdb-create.yandex_mdb_mysql_user.lab-user",
            "module.mdb-create.yandex_vpc_security_group.mysql-sg",
            "module.mdb-create.yandex_vpc_subnet.mydbsubnet",
            "module.network-create.yandex_vpc_network.mynet",
            "module.service-account-create.yandex_iam_service_account.myaccount",
            "module.service-account-create.yandex_kms_symmetric_key.kms-key",
            "module.service-account-create.yandex_kms_symmetric_key_iam_binding.viewer",
            "module.service-account-create.yandex_resourcemanager_folder_iam_binding.alb-editor",
            "module.service-account-create.yandex_resourcemanager_folder_iam_binding.certificate-downloader",
            "module.service-account-create.yandex_resourcemanager_folder_iam_binding.compute-viewer",
            "module.service-account-create.yandex_resourcemanager_folder_iam_binding.editor",
            "module.service-account-create.yandex_resourcemanager_folder_iam_binding.images-puller",
            "module.service-account-create.yandex_resourcemanager_folder_iam_binding.k8s-clusters-agent",
            "module.service-account-create.yandex_resourcemanager_folder_iam_binding.load-balancer-admin",
            "module.service-account-create.yandex_resourcemanager_folder_iam_binding.vpc-public-admin"
          ]
        }
      ]
    },
    {
      "module": "module.alb-create",
      "mode": "managed",
      "type": "yandex_alb_virtual_host",
      "name": "alb-host",
      "provider": "provider[\"registry.terraform.io/yandex-cloud/yandex\"]",
      "instances": [
        {
          "schema_version": 0,
          "attributes": {
            "authority": [],
            "http_router_id": "ds74am9ha7liljrqke4o",
            "id": "ds74am9ha7liljrqke4o/alb-host",
            "modify_request_headers": [],
            "modify_response_headers": [],
            "name": "alb-host",
            "route": [
              {
                "grpc_route": [],
                "http_route": [
                  {
                    "direct_response_action": [],
                    "http_match": [],
                    "http_route_action": [
                      {
                        "auto_host_rewrite": false,
                        "backend_group_id": "ds7nejvfpm9r0pikkr7c",
                        "host_rewrite": "",
                        "idle_timeout": "",
                        "prefix_rewrite": "",
                        "timeout": "",
                        "upgrade_types": []
                      }
                    ],
                    "redirect_action": []
                  }
                ],
                "name": "route-1",
                "route_options": []
              }
            ],
            "route_options": [],
            "timeouts": null
          },
          "sensitive_attributes": [],
          "private": "eyJlMmJmYjczMC1lY2FhLTExZTYtOGY4OC0zNDM2M2JjN2M0YzAiOnsiY3JlYXRlIjozMDAwMDAwMDAwMDAsImRlbGV0ZSI6MzAwMDAwMDAwMDAwLCJ1cGRhdGUiOjMwMDAwMDAwMDAwMH19",
          "dependencies": [
            "module.alb-create.yandex_alb_backend_group.alb-bg",
            "module.alb-create.yandex_alb_http_router.alb-router",
            "module.alb-create.yandex_compute_image.container-optimized-image",
            "module.alb-create.yandex_compute_instance_group.alb-vm-group",
            "module.alb-create.yandex_vpc_security_group.alb-sg",
            "module.alb-create.yandex_vpc_security_group.alb-vm-sg",
            "module.alb-create.yandex_vpc_subnet.subnet-1",
            "module.alb-create.yandex_vpc_subnet.subnet-2",
            "module.alb-create.yandex_vpc_subnet.subnet-3",
            "module.container-build.null_resource.container-build",
            "module.container-build.null_resource.container-push",
            "module.mdb-create.yandex_mdb_mysql_cluster.my-mysql",
            "module.mdb-create.yandex_mdb_mysql_database.db1",
            "module.mdb-create.yandex_mdb_mysql_user.lab-user",
            "module.mdb-create.yandex_vpc_security_group.mysql-sg",
            "module.mdb-create.yandex_vpc_subnet.mydbsubnet",
            "module.network-create.yandex_vpc_network.mynet",
            "module.service-account-create.yandex_iam_service_account.myaccount",
            "module.service-account-create.yandex_kms_symmetric_key.kms-key",
            "module.service-account-create.yandex_kms_symmetric_key_iam_binding.viewer",
            "module.service-account-create.yandex_resourcemanager_folder_iam_binding.alb-editor",
            "module.service-account-create.yandex_resourcemanager_folder_iam_binding.certificate-downloader",
            "module.service-account-create.yandex_resourcemanager_folder_iam_binding.compute-viewer",
            "module.service-account-create.yandex_resourcemanager_folder_iam_binding.editor",
            "module.service-account-create.yandex_resourcemanager_folder_iam_binding.images-puller",
            "module.service-account-create.yandex_resourcemanager_folder_iam_binding.k8s-clusters-agent",
            "module.service-account-create.yandex_resourcemanager_folder_iam_binding.load-balancer-admin",
            "module.service-account-create.yandex_resourcemanager_folder_iam_binding.vpc-public-admin"
          ]
        }
      ]
    },
    {
      "module": "module.alb-create",
      "mode": "managed",
      "type": "yandex_compute_image",
      "name": "container-optimized-image",
      "provider": "provider[\"registry.terraform.io/yandex-cloud/yandex\"]",
      "instances": [
        {
          "schema_version": 0,
          "attributes": {
            "created_at": "2023-02-19T17:36:29Z",
            "description": "",
            "family": "",
            "folder_id": "b1gj663jbfpghh0r2qsk",
            "id": "fd86s9f2iigfmlbsu4io",
            "labels": {},
            "min_disk_size": 30,
            "name": "",
            "os_type": null,
            "pooled": false,
            "product_ids": [
              "f2elf7186figj4p34at5"
            ],
            "size": 6,
            "source_disk": null,
            "source_family": "container-optimized-image",
            "source_image": null,
            "source_snapshot": null,
            "source_url": null,
            "status": "ready",
            "timeouts": null
          },
          "sensitive_attributes": [],
          "private": "eyJlMmJmYjczMC1lY2FhLTExZTYtOGY4OC0zNDM2M2JjN2M0YzAiOnsiY3JlYXRlIjozMDAwMDAwMDAwMDAsImRlbGV0ZSI6MzAwMDAwMDAwMDAwLCJ1cGRhdGUiOjMwMDAwMDAwMDAwMH19",
          "dependencies": [
            "module.container-build.null_resource.container-build",
            "module.container-build.null_resource.container-push",
            "module.mdb-create.yandex_mdb_mysql_cluster.my-mysql",
            "module.mdb-create.yandex_mdb_mysql_database.db1",
            "module.mdb-create.yandex_mdb_mysql_user.lab-user",
            "module.mdb-create.yandex_vpc_security_group.mysql-sg",
            "module.mdb-create.yandex_vpc_subnet.mydbsubnet",
            "module.network-create.yandex_vpc_network.mynet",
            "module.service-account-create.yandex_iam_service_account.myaccount",
            "module.service-account-create.yandex_kms_symmetric_key.kms-key",
            "module.service-account-create.yandex_kms_symmetric_key_iam_binding.viewer",
            "module.service-account-create.yandex_resourcemanager_folder_iam_binding.alb-editor",
            "module.service-account-create.yandex_resourcemanager_folder_iam_binding.certificate-downloader",
            "module.service-account-create.yandex_resourcemanager_folder_iam_binding.compute-viewer",
            "module.service-account-create.yandex_resourcemanager_folder_iam_binding.editor",
            "module.service-account-create.yandex_resourcemanager_folder_iam_binding.images-puller",
            "module.service-account-create.yandex_resourcemanager_folder_iam_binding.k8s-clusters-agent",
            "module.service-account-create.yandex_resourcemanager_folder_iam_binding.load-balancer-admin",
            "module.service-account-create.yandex_resourcemanager_folder_iam_binding.vpc-public-admin"
          ]
        }
      ]
    },
    {
      "module": "module.alb-create",
      "mode": "managed",
      "type": "yandex_compute_instance_group",
      "name": "alb-vm-group",
      "provider": "provider[\"registry.terraform.io/yandex-cloud/yandex\"]",
      "instances": [
        {
          "schema_version": 0,
          "attributes": {
            "allocation_policy": [
              {
                "zones": [
                  "ru-central1-a",
                  "ru-central1-b",
                  "ru-central1-c"
                ]
              }
            ],
            "application_load_balancer": [
              {
                "max_opening_traffic_duration": 0,
                "status_message": "",
                "target_group_description": "",
                "target_group_id": "ds78uejufj5fau7fc9t8",
                "target_group_labels": {},
                "target_group_name": "alb-tg"
              }
            ],
            "created_at": "2023-02-19T17:36:42Z",
            "deletion_protection": false,
            "deploy_policy": [
              {
                "max_creating": 0,
                "max_deleting": 0,
                "max_expansion": 0,
                "max_unavailable": 3,
                "startup_duration": 0,
                "strategy": "proactive"
              }
            ],
            "description": "",
            "folder_id": "b1gj663jbfpghh0r2qsk",
            "health_check": [],
            "id": "cl1aq2viflkhv2l70760",
            "instance_template": [
              {
                "boot_disk": [
                  {
                    "device_name": "",
                    "disk_id": "",
                    "initialize_params": [
                      {
                        "description": "",
                        "image_id": "fd86s9f2iigfmlbsu4io",
                        "size": 64,
                        "snapshot_id": "",
                        "type": "network-hdd"
                      }
                    ],
                    "mode": "READ_WRITE"
                  }
                ],
                "description": "",
                "hostname": "",
                "labels": {},
                "metadata": {
                  "docker-container-declaration": "spec:\r\n  containers:\r\n  - command:\r\n    - python\r\n    args:\r\n    - ./run.py\r\n    name: flask-app\r\n    image: cr.yandex/crpcis9pig7uf3jpfqs6/sample-image:latest\r\n    env:\r\n    - name: db_password\r\n      value: fu293y4823y482fjeio22\r\n    - name: db_user\r\n      value: lab-user\r\n    - name: db_name\r\n      value: db1\r\n    - name: db_host\r\n      value: c-c9qav8ciapmalq8rp1n2.rw.mdb.yandexcloud.net\r\n",
                  "serial-port-enable": "0",
                  "ssh-keys": "erossy:ssh-rsa AAAAB3NzaC1yc2EAAAADAQABAAABAQCOgy7BoUVogbBRFjaZPQ8KdBY1HDE/uxjH6vEhqQp68+GiMayQLhQ4snbGoYXwV5i5ieInd7IeAa9886gb+48DxBY2RxmZSUsmOIsQZPdngCYRulkD0SpWxgK0IoCWDaWKbIi+WnRmdu3+ytP/C6XIhrPYa5otUpQBFlTV0e8xebjocOKqx9tV9+0wRuQLsvWwRdl77mb+nHHZUcImLYjm44XQuz0OBaFm73hOtNbvD79Dd0zXmZPwkByqKRtZkXK+NPXm4jGPC5bew8XHtkoJYDerRAIN9cyd08PUsf0sNqzJolClJpHUkG3mNYNHLdXJI9dCdvwhUk5XD1Hb1OHj rsa-key-20230218 erossy",
                  "user-data": "#cloud-config\r\ndatasource:\r\n Ec2:\r\n  strict_id: false\r\nssh_pwauth: no\r\nusers:\r\n- name: erossy\r\n  sudo: ALL=(ALL) NOPASSWD:ALL\r\n  shell: /bin/bash\r\n  ssh_authorized_keys:\r\n  - ssh-rsa AAAAB3NzaC1yc2EAAAADAQABAAABAQCOgy7BoUVogbBRFjaZPQ8KdBY1HDE/uxjH6vEhqQp68+GiMayQLhQ4snbGoYXwV5i5ieInd7IeAa9886gb+48DxBY2RxmZSUsmOIsQZPdngCYRulkD0SpWxgK0IoCWDaWKbIi+WnRmdu3+ytP/C6XIhrPYa5otUpQBFlTV0e8xebjocOKqx9tV9+0wRuQLsvWwRdl77mb+nHHZUcImLYjm44XQuz0OBaFm73hOtNbvD79Dd0zXmZPwkByqKRtZkXK+NPXm4jGPC5bew8XHtkoJYDerRAIN9cyd08PUsf0sNqzJolClJpHUkG3mNYNHLdXJI9dCdvwhUk5XD1Hb1OHj rsa-key-20230218 erossy\r\n"
                },
                "name": "",
                "network_interface": [
                  {
                    "dns_record": [],
                    "ip_address": "",
                    "ipv4": true,
                    "ipv6": false,
                    "ipv6_address": "",
                    "ipv6_dns_record": [],
                    "nat": true,
                    "nat_dns_record": [],
                    "nat_ip_address": "",
                    "network_id": "enp50lqriudv4rh4l3bo",
                    "security_group_ids": [
                      "enphrr5m01g3g20j8ql9"
                    ],
                    "subnet_ids": [
                      "b0c3l4as1s75n4cei6hs",
                      "e2l7o0nm26nghc9e29ur",
                      "e9bok03akfsv4b2vv85t"
                    ]
                  }
                ],
                "network_settings": [],
                "placement_policy": [],
                "platform_id": "standard-v2",
                "resources": [
                  {
                    "core_fraction": 5,
                    "cores": 2,
                    "gpus": 0,
                    "memory": 1
                  }
                ],
                "scheduling_policy": [
                  {
                    "preemptible": false
                  }
                ],
                "secondary_disk": [],
                "service_account_id": "aje20ri2d4t47kdnre6m"
              }
            ],
            "instances": [
              {
                "fqdn": "cl1aq2viflkhv2l70760-ujoq.ru-central1.internal",
                "instance_id": "epdf7f2gjen25hdta31r",
                "name": "cl1aq2viflkhv2l70760-ujoq",
                "network_interface": [
                  {
                    "index": 0,
                    "ip_address": "192.168.2.33",
                    "ipv4": true,
                    "ipv6": false,
                    "ipv6_address": "",
                    "mac_address": "d0:0d:f3:bc:50:9b",
                    "nat": true,
                    "nat_ip_address": "51.250.96.193",
                    "nat_ip_version": "IPV4",
                    "subnet_id": "e2l7o0nm26nghc9e29ur"
                  }
                ],
                "status": "RUNNING_ACTUAL",
                "status_changed_at": "2023-02-19T18:25:31Z",
                "status_message": "",
                "zone_id": "ru-central1-b"
              },
              {
                "fqdn": "cl1aq2viflkhv2l70760-epih.ru-central1.internal",
                "instance_id": "ef39m69nvvc45f68vljp",
                "name": "cl1aq2viflkhv2l70760-epih",
                "network_interface": [
                  {
                    "index": 0,
                    "ip_address": "192.168.3.27",
                    "ipv4": true,
                    "ipv6": false,
                    "ipv6_address": "",
                    "mac_address": "d0:0d:9b:19:37:ff",
                    "nat": true,
                    "nat_ip_address": "51.250.44.101",
                    "nat_ip_version": "IPV4",
                    "subnet_id": "b0c3l4as1s75n4cei6hs"
                  }
                ],
                "status": "RUNNING_ACTUAL",
                "status_changed_at": "2023-02-19T18:28:20Z",
                "status_message": "",
                "zone_id": "ru-central1-c"
              },
              {
                "fqdn": "cl1aq2viflkhv2l70760-unun.ru-central1.internal",
                "instance_id": "fhmej7n7ren5s2gfd1hs",
                "name": "cl1aq2viflkhv2l70760-unun",
                "network_interface": [
                  {
                    "index": 0,
                    "ip_address": "192.168.1.28",
                    "ipv4": true,
                    "ipv6": false,
                    "ipv6_address": "",
                    "mac_address": "d0:0d:e9:9e:e7:db",
                    "nat": true,
                    "nat_ip_address": "51.250.74.132",
                    "nat_ip_version": "IPV4",
                    "subnet_id": "e9bok03akfsv4b2vv85t"
                  }
                ],
                "status": "RUNNING_ACTUAL",
                "status_changed_at": "2023-02-19T18:23:49Z",
                "status_message": "",
                "zone_id": "ru-central1-a"
              }
            ],
            "labels": {},
            "load_balancer": [],
            "max_checking_health_duration": null,
            "name": "alb-vm-group",
            "scale_policy": [
              {
                "auto_scale": [],
                "fixed_scale": [
                  {
                    "size": 3
                  }
                ],
                "test_auto_scale": []
              }
            ],
            "service_account_id": "aje20ri2d4t47kdnre6m",
            "status": "ACTIVE",
            "timeouts": null,
            "variables": {}
          },
          "sensitive_attributes": [],
          "private": "eyJlMmJmYjczMC1lY2FhLTExZTYtOGY4OC0zNDM2M2JjN2M0YzAiOnsiY3JlYXRlIjoxODAwMDAwMDAwMDAwLCJkZWxldGUiOjE4MDAwMDAwMDAwMDAsInVwZGF0ZSI6MTgwMDAwMDAwMDAwMH19",
          "dependencies": [
            "module.alb-create.yandex_compute_image.container-optimized-image",
            "module.alb-create.yandex_vpc_security_group.alb-vm-sg",
            "module.alb-create.yandex_vpc_subnet.subnet-1",
            "module.alb-create.yandex_vpc_subnet.subnet-2",
            "module.alb-create.yandex_vpc_subnet.subnet-3",
            "module.container-build.null_resource.container-build",
            "module.container-build.null_resource.container-push",
            "module.mdb-create.yandex_mdb_mysql_cluster.my-mysql",
            "module.mdb-create.yandex_mdb_mysql_database.db1",
            "module.mdb-create.yandex_mdb_mysql_user.lab-user",
            "module.mdb-create.yandex_vpc_security_group.mysql-sg",
            "module.mdb-create.yandex_vpc_subnet.mydbsubnet",
            "module.network-create.yandex_vpc_network.mynet",
            "module.service-account-create.yandex_iam_service_account.myaccount",
            "module.service-account-create.yandex_kms_symmetric_key.kms-key",
            "module.service-account-create.yandex_kms_symmetric_key_iam_binding.viewer",
            "module.service-account-create.yandex_resourcemanager_folder_iam_binding.alb-editor",
            "module.service-account-create.yandex_resourcemanager_folder_iam_binding.certificate-downloader",
            "module.service-account-create.yandex_resourcemanager_folder_iam_binding.compute-viewer",
            "module.service-account-create.yandex_resourcemanager_folder_iam_binding.editor",
            "module.service-account-create.yandex_resourcemanager_folder_iam_binding.images-puller",
            "module.service-account-create.yandex_resourcemanager_folder_iam_binding.k8s-clusters-agent",
            "module.service-account-create.yandex_resourcemanager_folder_iam_binding.load-balancer-admin",
            "module.service-account-create.yandex_resourcemanager_folder_iam_binding.vpc-public-admin"
          ]
        }
      ]
    },
    {
      "module": "module.alb-create",
      "mode": "managed",
      "type": "yandex_dns_recordset",
      "name": "rs-1",
      "provider": "provider[\"registry.terraform.io/yandex-cloud/yandex\"]",
      "instances": [
        {
          "schema_version": 0,
          "attributes": {
            "data": [
              "51.250.33.182"
            ],
            "id": "dnsf3e95s4ah3aichq3g/alb-example.com./A",
            "name": "alb-example.com.",
            "timeouts": null,
            "ttl": 600,
            "type": "A",
            "zone_id": "dnsf3e95s4ah3aichq3g"
          },
          "sensitive_attributes": [],
          "private": "eyJlMmJmYjczMC1lY2FhLTExZTYtOGY4OC0zNDM2M2JjN2M0YzAiOnsiY3JlYXRlIjozMDAwMDAwMDAwMDAsImRlbGV0ZSI6MzAwMDAwMDAwMDAwLCJ1cGRhdGUiOjMwMDAwMDAwMDAwMH19",
          "dependencies": [
            "module.alb-create.yandex_alb_http_router.alb-router",
            "module.alb-create.yandex_alb_load_balancer.alb-1",
            "module.alb-create.yandex_dns_zone.alb-zone",
            "module.alb-create.yandex_vpc_security_group.alb-sg",
            "module.alb-create.yandex_vpc_subnet.subnet-1",
            "module.alb-create.yandex_vpc_subnet.subnet-2",
            "module.alb-create.yandex_vpc_subnet.subnet-3",
            "module.container-build.null_resource.container-build",
            "module.container-build.null_resource.container-push",
            "module.mdb-create.yandex_mdb_mysql_cluster.my-mysql",
            "module.mdb-create.yandex_mdb_mysql_database.db1",
            "module.mdb-create.yandex_mdb_mysql_user.lab-user",
            "module.mdb-create.yandex_vpc_security_group.mysql-sg",
            "module.mdb-create.yandex_vpc_subnet.mydbsubnet",
            "module.network-create.yandex_vpc_network.mynet",
            "module.service-account-create.yandex_iam_service_account.myaccount",
            "module.service-account-create.yandex_kms_symmetric_key.kms-key",
            "module.service-account-create.yandex_kms_symmetric_key_iam_binding.viewer",
            "module.service-account-create.yandex_resourcemanager_folder_iam_binding.alb-editor",
            "module.service-account-create.yandex_resourcemanager_folder_iam_binding.certificate-downloader",
            "module.service-account-create.yandex_resourcemanager_folder_iam_binding.compute-viewer",
            "module.service-account-create.yandex_resourcemanager_folder_iam_binding.editor",
            "module.service-account-create.yandex_resourcemanager_folder_iam_binding.images-puller",
            "module.service-account-create.yandex_resourcemanager_folder_iam_binding.k8s-clusters-agent",
            "module.service-account-create.yandex_resourcemanager_folder_iam_binding.load-balancer-admin",
            "module.service-account-create.yandex_resourcemanager_folder_iam_binding.vpc-public-admin"
          ]
        }
      ]
    },
    {
      "module": "module.alb-create",
      "mode": "managed",
      "type": "yandex_dns_recordset",
      "name": "rs-2",
      "provider": "provider[\"registry.terraform.io/yandex-cloud/yandex\"]",
      "instances": [
        {
          "schema_version": 0,
          "attributes": {
            "data": [
              "alb-example.com"
            ],
            "id": "dnsf3e95s4ah3aichq3g/www/CNAME",
            "name": "www",
            "timeouts": null,
            "ttl": 600,
            "type": "CNAME",
            "zone_id": "dnsf3e95s4ah3aichq3g"
          },
          "sensitive_attributes": [],
          "private": "eyJlMmJmYjczMC1lY2FhLTExZTYtOGY4OC0zNDM2M2JjN2M0YzAiOnsiY3JlYXRlIjozMDAwMDAwMDAwMDAsImRlbGV0ZSI6MzAwMDAwMDAwMDAwLCJ1cGRhdGUiOjMwMDAwMDAwMDAwMH19",
          "dependencies": [
            "module.alb-create.yandex_dns_zone.alb-zone",
            "module.container-build.null_resource.container-build",
            "module.container-build.null_resource.container-push",
            "module.mdb-create.yandex_mdb_mysql_cluster.my-mysql",
            "module.mdb-create.yandex_mdb_mysql_database.db1",
            "module.mdb-create.yandex_mdb_mysql_user.lab-user",
            "module.mdb-create.yandex_vpc_security_group.mysql-sg",
            "module.mdb-create.yandex_vpc_subnet.mydbsubnet",
            "module.network-create.yandex_vpc_network.mynet",
            "module.service-account-create.yandex_iam_service_account.myaccount",
            "module.service-account-create.yandex_kms_symmetric_key.kms-key",
            "module.service-account-create.yandex_kms_symmetric_key_iam_binding.viewer",
            "module.service-account-create.yandex_resourcemanager_folder_iam_binding.alb-editor",
            "module.service-account-create.yandex_resourcemanager_folder_iam_binding.certificate-downloader",
            "module.service-account-create.yandex_resourcemanager_folder_iam_binding.compute-viewer",
            "module.service-account-create.yandex_resourcemanager_folder_iam_binding.editor",
            "module.service-account-create.yandex_resourcemanager_folder_iam_binding.images-puller",
            "module.service-account-create.yandex_resourcemanager_folder_iam_binding.k8s-clusters-agent",
            "module.service-account-create.yandex_resourcemanager_folder_iam_binding.load-balancer-admin",
            "module.service-account-create.yandex_resourcemanager_folder_iam_binding.vpc-public-admin"
          ]
        }
      ]
    },
    {
      "module": "module.alb-create",
      "mode": "managed",
      "type": "yandex_dns_zone",
      "name": "alb-zone",
      "provider": "provider[\"registry.terraform.io/yandex-cloud/yandex\"]",
      "instances": [
        {
          "schema_version": 0,
          "attributes": {
            "created_at": "2023-02-19T17:36:29Z",
            "description": "Public zone",
            "folder_id": "b1gj663jbfpghh0r2qsk",
            "id": "dnsf3e95s4ah3aichq3g",
            "labels": {},
            "name": "alb-zone",
            "private_networks": [],
            "public": true,
            "timeouts": null,
            "zone": "alb-example.com."
          },
          "sensitive_attributes": [],
          "private": "eyJlMmJmYjczMC1lY2FhLTExZTYtOGY4OC0zNDM2M2JjN2M0YzAiOnsiY3JlYXRlIjozMDAwMDAwMDAwMDAsImRlbGV0ZSI6MzAwMDAwMDAwMDAwLCJ1cGRhdGUiOjMwMDAwMDAwMDAwMH19",
          "dependencies": [
            "module.container-build.null_resource.container-build",
            "module.container-build.null_resource.container-push",
            "module.mdb-create.yandex_mdb_mysql_cluster.my-mysql",
            "module.mdb-create.yandex_mdb_mysql_database.db1",
            "module.mdb-create.yandex_mdb_mysql_user.lab-user",
            "module.mdb-create.yandex_vpc_security_group.mysql-sg",
            "module.mdb-create.yandex_vpc_subnet.mydbsubnet",
            "module.network-create.yandex_vpc_network.mynet",
            "module.service-account-create.yandex_iam_service_account.myaccount",
            "module.service-account-create.yandex_kms_symmetric_key.kms-key",
            "module.service-account-create.yandex_kms_symmetric_key_iam_binding.viewer",
            "module.service-account-create.yandex_resourcemanager_folder_iam_binding.alb-editor",
            "module.service-account-create.yandex_resourcemanager_folder_iam_binding.certificate-downloader",
            "module.service-account-create.yandex_resourcemanager_folder_iam_binding.compute-viewer",
            "module.service-account-create.yandex_resourcemanager_folder_iam_binding.editor",
            "module.service-account-create.yandex_resourcemanager_folder_iam_binding.images-puller",
            "module.service-account-create.yandex_resourcemanager_folder_iam_binding.k8s-clusters-agent",
            "module.service-account-create.yandex_resourcemanager_folder_iam_binding.load-balancer-admin",
            "module.service-account-create.yandex_resourcemanager_folder_iam_binding.vpc-public-admin"
          ]
        }
      ]
    },
    {
      "module": "module.alb-create",
      "mode": "managed",
      "type": "yandex_vpc_security_group",
      "name": "alb-sg",
      "provider": "provider[\"registry.terraform.io/yandex-cloud/yandex\"]",
      "instances": [
        {
          "schema_version": 0,
          "attributes": {
            "created_at": "2023-02-19T17:36:29Z",
            "description": "",
            "egress": [
              {
                "description": "any",
                "from_port": -1,
                "id": "enp0cshfm88b7p6ao59e",
                "labels": {},
                "port": -1,
                "predefined_target": "",
                "protocol": "ANY",
                "security_group_id": "",
                "to_port": -1,
                "v4_cidr_blocks": [
                  "0.0.0.0/0"
                ],
                "v6_cidr_blocks": []
              }
            ],
            "folder_id": "b1gj663jbfpghh0r2qsk",
            "id": "enp1v22u7oobjh4q16mk",
            "ingress": [
              {
                "description": "ext-http",
                "from_port": -1,
                "id": "enp865rgntgn8jd0tkj1",
                "labels": {},
                "port": 80,
                "predefined_target": "",
                "protocol": "TCP",
                "security_group_id": "",
                "to_port": -1,
                "v4_cidr_blocks": [
                  "0.0.0.0/0"
                ],
                "v6_cidr_blocks": []
              },
              {
                "description": "ext-https",
                "from_port": -1,
                "id": "enp4c6i0cnlcgbhdntn9",
                "labels": {},
                "port": 443,
                "predefined_target": "",
                "protocol": "TCP",
                "security_group_id": "",
                "to_port": -1,
                "v4_cidr_blocks": [
                  "0.0.0.0/0"
                ],
                "v6_cidr_blocks": []
              },
              {
                "description": "healthchecks",
                "from_port": -1,
                "id": "enpnt2ddue06nsras250",
                "labels": {},
                "port": 30080,
                "predefined_target": "",
                "protocol": "TCP",
                "security_group_id": "",
                "to_port": -1,
                "v4_cidr_blocks": [
                  "198.18.235.0/24",
                  "198.18.248.0/24"
                ],
                "v6_cidr_blocks": []
              }
            ],
            "labels": {},
            "name": "alb-sg",
            "network_id": "enp50lqriudv4rh4l3bo",
            "status": "ACTIVE",
            "timeouts": null
          },
          "sensitive_attributes": [],
          "private": "eyJlMmJmYjczMC1lY2FhLTExZTYtOGY4OC0zNDM2M2JjN2M0YzAiOnsiY3JlYXRlIjoxODAwMDAwMDAwMDAsImRlbGV0ZSI6MTgwMDAwMDAwMDAwLCJ1cGRhdGUiOjE4MDAwMDAwMDAwMH19",
          "dependencies": [
            "module.container-build.null_resource.container-build",
            "module.container-build.null_resource.container-push",
            "module.mdb-create.yandex_mdb_mysql_cluster.my-mysql",
            "module.mdb-create.yandex_mdb_mysql_database.db1",
            "module.mdb-create.yandex_mdb_mysql_user.lab-user",
            "module.mdb-create.yandex_vpc_security_group.mysql-sg",
            "module.mdb-create.yandex_vpc_subnet.mydbsubnet",
            "module.network-create.yandex_vpc_network.mynet",
            "module.service-account-create.yandex_iam_service_account.myaccount",
            "module.service-account-create.yandex_kms_symmetric_key.kms-key",
            "module.service-account-create.yandex_kms_symmetric_key_iam_binding.viewer",
            "module.service-account-create.yandex_resourcemanager_folder_iam_binding.alb-editor",
            "module.service-account-create.yandex_resourcemanager_folder_iam_binding.certificate-downloader",
            "module.service-account-create.yandex_resourcemanager_folder_iam_binding.compute-viewer",
            "module.service-account-create.yandex_resourcemanager_folder_iam_binding.editor",
            "module.service-account-create.yandex_resourcemanager_folder_iam_binding.images-puller",
            "module.service-account-create.yandex_resourcemanager_folder_iam_binding.k8s-clusters-agent",
            "module.service-account-create.yandex_resourcemanager_folder_iam_binding.load-balancer-admin",
            "module.service-account-create.yandex_resourcemanager_folder_iam_binding.vpc-public-admin"
          ]
        }
      ]
    },
    {
      "module": "module.alb-create",
      "mode": "managed",
      "type": "yandex_vpc_security_group",
      "name": "alb-vm-sg",
      "provider": "provider[\"registry.terraform.io/yandex-cloud/yandex\"]",
      "instances": [
        {
          "schema_version": 0,
          "attributes": {
            "created_at": "2023-02-19T17:36:32Z",
            "description": "",
            "egress": [
              {
                "description": "any",
                "from_port": -1,
                "id": "enpaolh94hdooctf0v8f",
                "labels": {},
                "port": -1,
                "predefined_target": "",
                "protocol": "ANY",
                "security_group_id": "",
                "to_port": -1,
                "v4_cidr_blocks": [
                  "0.0.0.0/0"
                ],
                "v6_cidr_blocks": []
              }
            ],
            "folder_id": "b1gj663jbfpghh0r2qsk",
            "id": "enphrr5m01g3g20j8ql9",
            "ingress": [
              {
                "description": "balancer",
                "from_port": -1,
                "id": "enpee5v15ftu39o1kub5",
                "labels": {},
                "port": 5000,
                "predefined_target": "",
                "protocol": "TCP",
                "security_group_id": "enp1v22u7oobjh4q16mk",
                "to_port": -1,
                "v4_cidr_blocks": [],
                "v6_cidr_blocks": []
              },
              {
                "description": "balancer",
                "from_port": -1,
                "id": "enpoj7k0aodaqr7b8dp5",
                "labels": {},
                "port": 80,
                "predefined_target": "",
                "protocol": "TCP",
                "security_group_id": "enp1v22u7oobjh4q16mk",
                "to_port": -1,
                "v4_cidr_blocks": [],
                "v6_cidr_blocks": []
              },
              {
                "description": "ssh",
                "from_port": -1,
                "id": "enpdp9sceg0m25p4d4ng",
                "labels": {},
                "port": 22,
                "predefined_target": "",
                "protocol": "TCP",
                "security_group_id": "",
                "to_port": -1,
                "v4_cidr_blocks": [
                  "0.0.0.0/0"
                ],
                "v6_cidr_blocks": []
              }
            ],
            "labels": {},
            "name": "alb-vm-sg",
            "network_id": "enp50lqriudv4rh4l3bo",
            "status": "ACTIVE",
            "timeouts": null
          },
          "sensitive_attributes": [],
          "private": "eyJlMmJmYjczMC1lY2FhLTExZTYtOGY4OC0zNDM2M2JjN2M0YzAiOnsiY3JlYXRlIjoxODAwMDAwMDAwMDAsImRlbGV0ZSI6MTgwMDAwMDAwMDAwLCJ1cGRhdGUiOjE4MDAwMDAwMDAwMH19",
          "dependencies": [
            "module.alb-create.yandex_vpc_security_group.alb-sg",
            "module.container-build.null_resource.container-build",
            "module.container-build.null_resource.container-push",
            "module.mdb-create.yandex_mdb_mysql_cluster.my-mysql",
            "module.mdb-create.yandex_mdb_mysql_database.db1",
            "module.mdb-create.yandex_mdb_mysql_user.lab-user",
            "module.mdb-create.yandex_vpc_security_group.mysql-sg",
            "module.mdb-create.yandex_vpc_subnet.mydbsubnet",
            "module.network-create.yandex_vpc_network.mynet",
            "module.service-account-create.yandex_iam_service_account.myaccount",
            "module.service-account-create.yandex_kms_symmetric_key.kms-key",
            "module.service-account-create.yandex_kms_symmetric_key_iam_binding.viewer",
            "module.service-account-create.yandex_resourcemanager_folder_iam_binding.alb-editor",
            "module.service-account-create.yandex_resourcemanager_folder_iam_binding.certificate-downloader",
            "module.service-account-create.yandex_resourcemanager_folder_iam_binding.compute-viewer",
            "module.service-account-create.yandex_resourcemanager_folder_iam_binding.editor",
            "module.service-account-create.yandex_resourcemanager_folder_iam_binding.images-puller",
            "module.service-account-create.yandex_resourcemanager_folder_iam_binding.k8s-clusters-agent",
            "module.service-account-create.yandex_resourcemanager_folder_iam_binding.load-balancer-admin",
            "module.service-account-create.yandex_resourcemanager_folder_iam_binding.vpc-public-admin"
          ]
        }
      ]
    },
    {
      "module": "module.alb-create",
      "mode": "managed",
      "type": "yandex_vpc_subnet",
      "name": "subnet-1",
      "provider": "provider[\"registry.terraform.io/yandex-cloud/yandex\"]",
      "instances": [
        {
          "schema_version": 0,
          "attributes": {
            "created_at": "2023-02-19T17:36:31Z",
            "description": "",
            "dhcp_options": [],
            "folder_id": "b1gj663jbfpghh0r2qsk",
            "id": "e9bok03akfsv4b2vv85t",
            "labels": {},
            "name": "subnet1",
            "network_id": "enp50lqriudv4rh4l3bo",
            "route_table_id": "",
            "timeouts": null,
            "v4_cidr_blocks": [
              "192.168.1.0/24"
            ],
            "v6_cidr_blocks": [],
            "zone": "ru-central1-a"
          },
          "sensitive_attributes": [],
          "private": "eyJlMmJmYjczMC1lY2FhLTExZTYtOGY4OC0zNDM2M2JjN2M0YzAiOnsiY3JlYXRlIjoxODAwMDAwMDAwMDAsImRlbGV0ZSI6MTgwMDAwMDAwMDAwLCJ1cGRhdGUiOjE4MDAwMDAwMDAwMH19",
          "dependencies": [
            "module.container-build.null_resource.container-build",
            "module.container-build.null_resource.container-push",
            "module.mdb-create.yandex_mdb_mysql_cluster.my-mysql",
            "module.mdb-create.yandex_mdb_mysql_database.db1",
            "module.mdb-create.yandex_mdb_mysql_user.lab-user",
            "module.mdb-create.yandex_vpc_security_group.mysql-sg",
            "module.mdb-create.yandex_vpc_subnet.mydbsubnet",
            "module.network-create.yandex_vpc_network.mynet",
            "module.service-account-create.yandex_iam_service_account.myaccount",
            "module.service-account-create.yandex_kms_symmetric_key.kms-key",
            "module.service-account-create.yandex_kms_symmetric_key_iam_binding.viewer",
            "module.service-account-create.yandex_resourcemanager_folder_iam_binding.alb-editor",
            "module.service-account-create.yandex_resourcemanager_folder_iam_binding.certificate-downloader",
            "module.service-account-create.yandex_resourcemanager_folder_iam_binding.compute-viewer",
            "module.service-account-create.yandex_resourcemanager_folder_iam_binding.editor",
            "module.service-account-create.yandex_resourcemanager_folder_iam_binding.images-puller",
            "module.service-account-create.yandex_resourcemanager_folder_iam_binding.k8s-clusters-agent",
            "module.service-account-create.yandex_resourcemanager_folder_iam_binding.load-balancer-admin",
            "module.service-account-create.yandex_resourcemanager_folder_iam_binding.vpc-public-admin"
          ]
        }
      ]
    },
    {
      "module": "module.alb-create",
      "mode": "managed",
      "type": "yandex_vpc_subnet",
      "name": "subnet-2",
      "provider": "provider[\"registry.terraform.io/yandex-cloud/yandex\"]",
      "instances": [
        {
          "schema_version": 0,
          "attributes": {
            "created_at": "2023-02-19T17:36:30Z",
            "description": "",
            "dhcp_options": [],
            "folder_id": "b1gj663jbfpghh0r2qsk",
            "id": "e2l7o0nm26nghc9e29ur",
            "labels": {},
            "name": "subnet2",
            "network_id": "enp50lqriudv4rh4l3bo",
            "route_table_id": "",
            "timeouts": null,
            "v4_cidr_blocks": [
              "192.168.2.0/24"
            ],
            "v6_cidr_blocks": [],
            "zone": "ru-central1-b"
          },
          "sensitive_attributes": [],
          "private": "eyJlMmJmYjczMC1lY2FhLTExZTYtOGY4OC0zNDM2M2JjN2M0YzAiOnsiY3JlYXRlIjoxODAwMDAwMDAwMDAsImRlbGV0ZSI6MTgwMDAwMDAwMDAwLCJ1cGRhdGUiOjE4MDAwMDAwMDAwMH19",
          "dependencies": [
            "module.container-build.null_resource.container-build",
            "module.container-build.null_resource.container-push",
            "module.mdb-create.yandex_mdb_mysql_cluster.my-mysql",
            "module.mdb-create.yandex_mdb_mysql_database.db1",
            "module.mdb-create.yandex_mdb_mysql_user.lab-user",
            "module.mdb-create.yandex_vpc_security_group.mysql-sg",
            "module.mdb-create.yandex_vpc_subnet.mydbsubnet",
            "module.network-create.yandex_vpc_network.mynet",
            "module.service-account-create.yandex_iam_service_account.myaccount",
            "module.service-account-create.yandex_kms_symmetric_key.kms-key",
            "module.service-account-create.yandex_kms_symmetric_key_iam_binding.viewer",
            "module.service-account-create.yandex_resourcemanager_folder_iam_binding.alb-editor",
            "module.service-account-create.yandex_resourcemanager_folder_iam_binding.certificate-downloader",
            "module.service-account-create.yandex_resourcemanager_folder_iam_binding.compute-viewer",
            "module.service-account-create.yandex_resourcemanager_folder_iam_binding.editor",
            "module.service-account-create.yandex_resourcemanager_folder_iam_binding.images-puller",
            "module.service-account-create.yandex_resourcemanager_folder_iam_binding.k8s-clusters-agent",
            "module.service-account-create.yandex_resourcemanager_folder_iam_binding.load-balancer-admin",
            "module.service-account-create.yandex_resourcemanager_folder_iam_binding.vpc-public-admin"
          ]
        }
      ]
    },
    {
      "module": "module.alb-create",
      "mode": "managed",
      "type": "yandex_vpc_subnet",
      "name": "subnet-3",
      "provider": "provider[\"registry.terraform.io/yandex-cloud/yandex\"]",
      "instances": [
        {
          "schema_version": 0,
          "attributes": {
            "created_at": "2023-02-19T17:36:29Z",
            "description": "",
            "dhcp_options": [],
            "folder_id": "b1gj663jbfpghh0r2qsk",
            "id": "b0c3l4as1s75n4cei6hs",
            "labels": {},
            "name": "subnet3",
            "network_id": "enp50lqriudv4rh4l3bo",
            "route_table_id": "",
            "timeouts": null,
            "v4_cidr_blocks": [
              "192.168.3.0/24"
            ],
            "v6_cidr_blocks": [],
            "zone": "ru-central1-c"
          },
          "sensitive_attributes": [],
          "private": "eyJlMmJmYjczMC1lY2FhLTExZTYtOGY4OC0zNDM2M2JjN2M0YzAiOnsiY3JlYXRlIjoxODAwMDAwMDAwMDAsImRlbGV0ZSI6MTgwMDAwMDAwMDAwLCJ1cGRhdGUiOjE4MDAwMDAwMDAwMH19",
          "dependencies": [
            "module.container-build.null_resource.container-build",
            "module.container-build.null_resource.container-push",
            "module.mdb-create.yandex_mdb_mysql_cluster.my-mysql",
            "module.mdb-create.yandex_mdb_mysql_database.db1",
            "module.mdb-create.yandex_mdb_mysql_user.lab-user",
            "module.mdb-create.yandex_vpc_security_group.mysql-sg",
            "module.mdb-create.yandex_vpc_subnet.mydbsubnet",
            "module.network-create.yandex_vpc_network.mynet",
            "module.service-account-create.yandex_iam_service_account.myaccount",
            "module.service-account-create.yandex_kms_symmetric_key.kms-key",
            "module.service-account-create.yandex_kms_symmetric_key_iam_binding.viewer",
            "module.service-account-create.yandex_resourcemanager_folder_iam_binding.alb-editor",
            "module.service-account-create.yandex_resourcemanager_folder_iam_binding.certificate-downloader",
            "module.service-account-create.yandex_resourcemanager_folder_iam_binding.compute-viewer",
            "module.service-account-create.yandex_resourcemanager_folder_iam_binding.editor",
            "module.service-account-create.yandex_resourcemanager_folder_iam_binding.images-puller",
            "module.service-account-create.yandex_resourcemanager_folder_iam_binding.k8s-clusters-agent",
            "module.service-account-create.yandex_resourcemanager_folder_iam_binding.load-balancer-admin",
            "module.service-account-create.yandex_resourcemanager_folder_iam_binding.vpc-public-admin"
          ]
        }
      ]
    },
    {
      "module": "module.container-build",
      "mode": "managed",
      "type": "null_resource",
      "name": "container-build",
      "provider": "provider[\"registry.terraform.io/hashicorp/null\"]",
      "instances": [
        {
          "schema_version": 0,
          "attributes": {
            "id": "5850664967868753160",
            "triggers": null
          },
          "sensitive_attributes": []
        }
      ]
    },
    {
      "module": "module.container-build",
      "mode": "managed",
      "type": "null_resource",
      "name": "container-push",
      "provider": "provider[\"registry.terraform.io/hashicorp/null\"]",
      "instances": [
        {
          "schema_version": 0,
          "attributes": {
            "id": "2070980037883823088",
            "triggers": null
          },
          "sensitive_attributes": []
        }
      ]
    },
    {
      "module": "module.k8s-cluster-create",
      "mode": "managed",
      "type": "null_resource",
      "name": "connect-kubectl",
      "provider": "provider[\"registry.terraform.io/hashicorp/null\"]",
      "instances": [
        {
          "schema_version": 0,
          "attributes": {
            "id": "2047773932319108909",
            "triggers": null
          },
          "sensitive_attributes": [],
          "dependencies": [
            "module.k8s-cluster-create.yandex_kubernetes_cluster.k8s-regional",
            "module.k8s-cluster-create.yandex_vpc_security_group.k8s-main-sg",
            "module.k8s-cluster-create.yandex_vpc_security_group.k8s-mgmt-sg",
            "module.k8s-cluster-create.yandex_vpc_subnet.mysubnet-a",
            "module.k8s-cluster-create.yandex_vpc_subnet.mysubnet-b",
            "module.k8s-cluster-create.yandex_vpc_subnet.mysubnet-c",
            "module.network-create.yandex_vpc_network.mynet",
            "module.service-account-create.yandex_iam_service_account.myaccount",
            "module.service-account-create.yandex_kms_symmetric_key.kms-key",
            "module.service-account-create.yandex_kms_symmetric_key_iam_binding.viewer",
            "module.service-account-create.yandex_resourcemanager_folder_iam_binding.alb-editor",
            "module.service-account-create.yandex_resourcemanager_folder_iam_binding.certificate-downloader",
            "module.service-account-create.yandex_resourcemanager_folder_iam_binding.compute-viewer",
            "module.service-account-create.yandex_resourcemanager_folder_iam_binding.editor",
            "module.service-account-create.yandex_resourcemanager_folder_iam_binding.images-puller",
            "module.service-account-create.yandex_resourcemanager_folder_iam_binding.k8s-clusters-agent",
            "module.service-account-create.yandex_resourcemanager_folder_iam_binding.load-balancer-admin",
            "module.service-account-create.yandex_resourcemanager_folder_iam_binding.vpc-public-admin"
          ]
        }
      ]
    },
    {
      "module": "module.k8s-cluster-create",
      "mode": "managed",
      "type": "yandex_kubernetes_cluster",
      "name": "k8s-regional",
      "provider": "provider[\"registry.terraform.io/yandex-cloud/yandex\"]",
      "instances": [
        {
          "schema_version": 0,
          "attributes": {
            "cluster_ipv4_range": "10.112.0.0/16",
            "cluster_ipv6_range": "",
            "created_at": "2023-02-19T17:27:30Z",
            "description": "",
            "folder_id": "b1gj663jbfpghh0r2qsk",
            "health": "healthy",
            "id": "cat9vjm4eo3kn1i7np2p",
            "kms_provider": [
              {
                "key_id": "abj9an9pvguh991g8v98"
              }
            ],
            "labels": {},
            "log_group_id": "ckgn95foaa3k8kr49o8t",
            "master": [
              {
                "cluster_ca_certificate": "-----BEGIN CERTIFICATE-----\nMIIC5zCCAc+gAwIBAgIBADANBgkqhkiG9w0BAQsFADAVMRMwEQYDVQQDEwprdWJl\ncm5ldGVzMB4XDTIzMDIxOTE3MjczMloXDTMzMDIxNjE3MjczMlowFTETMBEGA1UE\nAxMKa3ViZXJuZXRlczCCASIwDQYJKoZIhvcNAQEBBQADggEPADCCAQoCggEBAKhw\n03vmijIjqETpRNABo5UgUzw9h1Qg6e0qKI/mYCFUfzBqf6Qo1xf45HJydL9XYe3l\nIEDeeS315oc/HLIL82X3HKsCECK6ZBNeo3bxIc6iKKLvoRdLn1gDfvbqFS4mWOrT\nHS1xDqrTpBHY76d7XLkdclwrJNe+bz0dlyF1e6d3+RpKP1Dn0Yh9cprqAm9NRCCO\nCIr/jmYQOWQ4ai9mXLknu1THuA4BBSiZQh4p9bMrHJreDlxFptrVfNL9clkb2Tsp\nEUaGKrJFvPG7xFVXNu20gLS4AOG4IYFZu+328UcLqu21o8ShoQl7lJRMUttL4P0g\n3Yj6ee9uvWjIKazLUHsCAwEAAaNCMEAwDgYDVR0PAQH/BAQDAgKkMA8GA1UdEwEB\n/wQFMAMBAf8wHQYDVR0OBBYEFML/jRq7DDDGBV59QFvbgLZS26+5MA0GCSqGSIb3\nDQEBCwUAA4IBAQAvb3bKbS0DDi4UU/FS7JncmHehM78RaaxRaV46/FaSGcixLOp4\nVqlUhNMIOYQ/Aky1VyuRxefpqw1Akbnpw7xXQZgYd4faWOmAp0yrKfLxRjeheAXN\ns8nu+YOQh7Nnt3EB7Mv0bp5vWup6FD4fBlc0wq1iwYDqCAnrZO2IKlM4Pqj0wxw8\nURH3hC/xR1qD3BMgmNk28jvFhCEf4Gl1h3t4rWzTkLvkzch2nhe/FjUcjC1Nmmn+\n67QbRLCcx1kwcYdXPld0jvrAdQEMujJiavKckIj509DqMUWN0ckWyViceHe0unD/\nlm4wmiSctMVFM10DtKM6EgI+Y0Kbj43hqacP\n-----END CERTIFICATE-----\n",
                "external_v4_address": "51.250.32.87",
                "external_v4_endpoint": "https://51.250.32.87",
                "external_v6_address": "",
                "external_v6_endpoint": "",
                "internal_v4_address": "10.5.0.27",
                "internal_v4_endpoint": "https://10.5.0.27",
                "maintenance_policy": [
                  {
                    "auto_upgrade": true,
                    "maintenance_window": []
                  }
                ],
                "master_logging": [],
                "public_ip": true,
                "regional": [
                  {
                    "location": [
                      {
                        "subnet_id": "e9bllgkgmjtqfi5meah0",
                        "zone": "ru-central1-a"
                      },
                      {
                        "subnet_id": "e2lkd3uvvgctjg013eb9",
                        "zone": "ru-central1-b"
                      },
                      {
                        "subnet_id": "b0c9n1m92n0vk332auik",
                        "zone": "ru-central1-c"
                      }
                    ],
                    "region": "ru-central1"
                  }
                ],
                "security_group_ids": [
                  "enpdi09eoc39h6c2355m",
                  "enpe74nu3or9ve07hvv2"
                ],
                "version": "1.22",
                "version_info": [
                  {
                    "current_version": "1.22",
                    "new_revision_available": false,
                    "new_revision_summary": "",
                    "version_deprecated": false
                  }
                ],
                "zonal": []
              }
            ],
            "name": "",
            "network_id": "enp50lqriudv4rh4l3bo",
            "network_implementation": [],
            "network_policy_provider": null,
            "node_ipv4_cidr_mask_size": 24,
            "node_service_account_id": "aje20ri2d4t47kdnre6m",
            "release_channel": "REGULAR",
            "service_account_id": "aje20ri2d4t47kdnre6m",
            "service_ipv4_range": "10.96.0.0/16",
            "service_ipv6_range": "",
            "status": "running",
            "timeouts": null
          },
          "sensitive_attributes": [],
          "private": "eyJlMmJmYjczMC1lY2FhLTExZTYtOGY4OC0zNDM2M2JjN2M0YzAiOnsiY3JlYXRlIjoxODAwMDAwMDAwMDAwLCJkZWxldGUiOjEyMDAwMDAwMDAwMDAsInJlYWQiOjMwMDAwMDAwMDAwMCwidXBkYXRlIjoxODAwMDAwMDAwMDAwfX0=",
          "dependencies": [
            "module.k8s-cluster-create.yandex_vpc_security_group.k8s-main-sg",
            "module.k8s-cluster-create.yandex_vpc_security_group.k8s-mgmt-sg",
            "module.k8s-cluster-create.yandex_vpc_subnet.mysubnet-a",
            "module.k8s-cluster-create.yandex_vpc_subnet.mysubnet-b",
            "module.k8s-cluster-create.yandex_vpc_subnet.mysubnet-c",
            "module.network-create.yandex_vpc_network.mynet",
            "module.service-account-create.yandex_iam_service_account.myaccount",
            "module.service-account-create.yandex_kms_symmetric_key.kms-key",
            "module.service-account-create.yandex_kms_symmetric_key_iam_binding.viewer",
            "module.service-account-create.yandex_resourcemanager_folder_iam_binding.alb-editor",
            "module.service-account-create.yandex_resourcemanager_folder_iam_binding.certificate-downloader",
            "module.service-account-create.yandex_resourcemanager_folder_iam_binding.compute-viewer",
            "module.service-account-create.yandex_resourcemanager_folder_iam_binding.editor",
            "module.service-account-create.yandex_resourcemanager_folder_iam_binding.images-puller",
            "module.service-account-create.yandex_resourcemanager_folder_iam_binding.k8s-clusters-agent",
            "module.service-account-create.yandex_resourcemanager_folder_iam_binding.load-balancer-admin",
            "module.service-account-create.yandex_resourcemanager_folder_iam_binding.vpc-public-admin"
          ]
        }
      ]
    },
    {
      "module": "module.k8s-cluster-create",
      "mode": "managed",
      "type": "yandex_kubernetes_node_group",
      "name": "labng",
      "provider": "provider[\"registry.terraform.io/yandex-cloud/yandex\"]",
      "instances": [
        {
          "schema_version": 0,
          "attributes": {
            "allocation_policy": [
              {
                "location": [
                  {
                    "subnet_id": "e9bllgkgmjtqfi5meah0",
                    "zone": "ru-central1-a"
                  },
                  {
                    "subnet_id": "e2lkd3uvvgctjg013eb9",
                    "zone": "ru-central1-b"
                  },
                  {
                    "subnet_id": "b0c9n1m92n0vk332auik",
                    "zone": "ru-central1-c"
                  }
                ]
              }
            ],
            "allowed_unsafe_sysctls": [],
            "cluster_id": "cat9vjm4eo3kn1i7np2p",
            "created_at": "2023-02-19T17:32:24Z",
            "deploy_policy": [
              {
                "max_expansion": 3,
                "max_unavailable": 0
              }
            ],
            "description": "Node_Group_For_Lab",
            "id": "cat3sp131gnbit278dgp",
            "instance_group_id": "cl13ngr7emlhiits70ea",
            "instance_template": [
              {
                "boot_disk": [
                  {
                    "size": 64,
                    "type": "network-hdd"
                  }
                ],
                "container_runtime": [
                  {
                    "type": "containerd"
                  }
                ],
                "labels": {},
                "metadata": {
                  "ssh-keys": "erossy:ssh-rsa AAAAB3NzaC1yc2EAAAADAQABAAABAQCOgy7BoUVogbBRFjaZPQ8KdBY1HDE/uxjH6vEhqQp68+GiMayQLhQ4snbGoYXwV5i5ieInd7IeAa9886gb+48DxBY2RxmZSUsmOIsQZPdngCYRulkD0SpWxgK0IoCWDaWKbIi+WnRmdu3+ytP/C6XIhrPYa5otUpQBFlTV0e8xebjocOKqx9tV9+0wRuQLsvWwRdl77mb+nHHZUcImLYjm44XQuz0OBaFm73hOtNbvD79Dd0zXmZPwkByqKRtZkXK+NPXm4jGPC5bew8XHtkoJYDerRAIN9cyd08PUsf0sNqzJolClJpHUkG3mNYNHLdXJI9dCdvwhUk5XD1Hb1OHj rsa-key-20230218 erossy"
                },
                "name": "",
                "nat": true,
                "network_acceleration_type": "type_unspecified",
                "network_interface": [
                  {
                    "ipv4": true,
                    "ipv4_dns_records": [],
                    "ipv6": false,
                    "ipv6_dns_records": [],
                    "nat": true,
                    "security_group_ids": [
                      "enpe74nu3or9ve07hvv2"
                    ],
                    "subnet_ids": [
                      "b0c9n1m92n0vk332auik",
                      "e2lkd3uvvgctjg013eb9",
                      "e9bllgkgmjtqfi5meah0"
                    ]
                  }
                ],
                "placement_policy": [],
                "platform_id": "standard-v3",
                "resources": [
                  {
                    "core_fraction": 20,
                    "cores": 2,
                    "gpus": 0,
                    "memory": 1
                  }
                ],
                "scheduling_policy": [
                  {
                    "preemptible": false
                  }
                ]
              }
            ],
            "labels": {},
            "maintenance_policy": [
              {
                "auto_repair": false,
                "auto_upgrade": true,
                "maintenance_window": []
              }
            ],
            "name": "labng",
            "node_labels": {},
            "node_taints": [],
            "scale_policy": [
              {
                "auto_scale": [],
                "fixed_scale": [
                  {
                    "size": 3
                  }
                ]
              }
            ],
            "status": "running",
            "timeouts": null,
            "version": "1.22",
            "version_info": [
              {
                "current_version": "1.22",
                "new_revision_available": false,
                "new_revision_summary": "",
                "version_deprecated": false
              }
            ]
          },
          "sensitive_attributes": [],
          "private": "eyJlMmJmYjczMC1lY2FhLTExZTYtOGY4OC0zNDM2M2JjN2M0YzAiOnsiY3JlYXRlIjozNjAwMDAwMDAwMDAwLCJkZWxldGUiOjEyMDAwMDAwMDAwMDAsInJlYWQiOjYwMDAwMDAwMDAwMCwidXBkYXRlIjozNjAwMDAwMDAwMDAwfX0=",
          "dependencies": [
            "module.k8s-cluster-create.yandex_kubernetes_cluster.k8s-regional",
            "module.k8s-cluster-create.yandex_vpc_security_group.k8s-main-sg",
            "module.k8s-cluster-create.yandex_vpc_security_group.k8s-mgmt-sg",
            "module.k8s-cluster-create.yandex_vpc_subnet.mysubnet-a",
            "module.k8s-cluster-create.yandex_vpc_subnet.mysubnet-b",
            "module.k8s-cluster-create.yandex_vpc_subnet.mysubnet-c",
            "module.network-create.yandex_vpc_network.mynet",
            "module.service-account-create.yandex_iam_service_account.myaccount",
            "module.service-account-create.yandex_kms_symmetric_key.kms-key",
            "module.service-account-create.yandex_kms_symmetric_key_iam_binding.viewer",
            "module.service-account-create.yandex_resourcemanager_folder_iam_binding.alb-editor",
            "module.service-account-create.yandex_resourcemanager_folder_iam_binding.certificate-downloader",
            "module.service-account-create.yandex_resourcemanager_folder_iam_binding.compute-viewer",
            "module.service-account-create.yandex_resourcemanager_folder_iam_binding.editor",
            "module.service-account-create.yandex_resourcemanager_folder_iam_binding.images-puller",
            "module.service-account-create.yandex_resourcemanager_folder_iam_binding.k8s-clusters-agent",
            "module.service-account-create.yandex_resourcemanager_folder_iam_binding.load-balancer-admin",
            "module.service-account-create.yandex_resourcemanager_folder_iam_binding.vpc-public-admin"
          ]
        }
      ]
    },
    {
      "module": "module.k8s-cluster-create",
      "mode": "managed",
      "type": "yandex_vpc_security_group",
      "name": "k8s-main-sg",
      "provider": "provider[\"registry.terraform.io/yandex-cloud/yandex\"]",
      "instances": [
        {
          "schema_version": 0,
          "attributes": {
            "created_at": "2023-02-19T17:27:28Z",
            "description": "Group rules ensure the basic performance of the cluster. Apply it to the cluster and node groups.",
            "egress": [
              {
                "description": "Rule allows all outgoing traffic. Nodes can connect to Yandex Container Registry, Yandex Object Storage, Docker Hub, and so on.",
                "from_port": 0,
                "id": "enpjk9u398su753lslb4",
                "labels": {},
                "port": -1,
                "predefined_target": "",
                "protocol": "ANY",
                "security_group_id": "",
                "to_port": 65535,
                "v4_cidr_blocks": [
                  "0.0.0.0/0"
                ],
                "v6_cidr_blocks": []
              }
            ],
            "folder_id": "b1gj663jbfpghh0r2qsk",
            "id": "enpe74nu3or9ve07hvv2",
            "ingress": [
              {
                "description": "Rule allows availability checks from load balancer's address range. It is required for the operation of a fault-tolerant cluster and load balancer services.",
                "from_port": -1,
                "id": "enp3jkash6u7m71n0d3b",
                "labels": {},
                "port": 80,
                "predefined_target": "",
                "protocol": "TCP",
                "security_group_id": "",
                "to_port": -1,
                "v4_cidr_blocks": [
                  "0.0.0.0/0"
                ],
                "v6_cidr_blocks": []
              },
              {
                "description": "Rule allows availability checks from load balancer's address range. It is required for the operation of a fault-tolerant cluster and load balancer services.",
                "from_port": 0,
                "id": "enpspprub839uisbm9v5",
                "labels": {},
                "port": -1,
                "predefined_target": "loadbalancer_healthchecks",
                "protocol": "TCP",
                "security_group_id": "",
                "to_port": 65535,
                "v4_cidr_blocks": [],
                "v6_cidr_blocks": []
              },
              {
                "description": "Rule allows debugging ICMP packets from internal subnets.",
                "from_port": -1,
                "id": "enpit6q83ldgqtr8rslc",
                "labels": {},
                "port": -1,
                "predefined_target": "",
                "protocol": "ICMP",
                "security_group_id": "",
                "to_port": -1,
                "v4_cidr_blocks": [
                  "10.0.0.0/8",
                  "172.16.0.0/12",
                  "192.168.0.0/16"
                ],
                "v6_cidr_blocks": []
              },
              {
                "description": "Rule allows incoming traffic from the internet to the NodePort port range. Add ports or change existing ones to the required ports.",
                "from_port": 30000,
                "id": "enp1bqdl1l5drhqm60bc",
                "labels": {},
                "port": -1,
                "predefined_target": "",
                "protocol": "TCP",
                "security_group_id": "",
                "to_port": 32767,
                "v4_cidr_blocks": [
                  "0.0.0.0/0"
                ],
                "v6_cidr_blocks": []
              },
              {
                "description": "Rule allows master-node and node-node communication inside a security group.",
                "from_port": 0,
                "id": "enpb3eb5j01ntv2dlimf",
                "labels": {},
                "port": -1,
                "predefined_target": "self_security_group",
                "protocol": "ANY",
                "security_group_id": "",
                "to_port": 65535,
                "v4_cidr_blocks": [],
                "v6_cidr_blocks": []
              },
              {
                "description": "Rule allows pod-pod and service-service communication. Specify the subnets of your cluster and services.",
                "from_port": 0,
                "id": "enp7vug42clk1ivqd9qu",
                "labels": {},
                "port": -1,
                "predefined_target": "",
                "protocol": "ANY",
                "security_group_id": "",
                "to_port": 65535,
                "v4_cidr_blocks": [
                  "10.5.0.0/16",
                  "10.6.0.0/16",
                  "10.7.0.0/16"
                ],
                "v6_cidr_blocks": []
              }
            ],
            "labels": {},
            "name": "k8s-main-sg",
            "network_id": "enp50lqriudv4rh4l3bo",
            "status": "ACTIVE",
            "timeouts": null
          },
          "sensitive_attributes": [],
          "private": "eyJlMmJmYjczMC1lY2FhLTExZTYtOGY4OC0zNDM2M2JjN2M0YzAiOnsiY3JlYXRlIjoxODAwMDAwMDAwMDAsImRlbGV0ZSI6MTgwMDAwMDAwMDAwLCJ1cGRhdGUiOjE4MDAwMDAwMDAwMH19",
          "dependencies": [
            "module.k8s-cluster-create.yandex_vpc_subnet.mysubnet-a",
            "module.k8s-cluster-create.yandex_vpc_subnet.mysubnet-b",
            "module.k8s-cluster-create.yandex_vpc_subnet.mysubnet-c",
            "module.network-create.yandex_vpc_network.mynet",
            "module.service-account-create.yandex_iam_service_account.myaccount",
            "module.service-account-create.yandex_kms_symmetric_key.kms-key",
            "module.service-account-create.yandex_kms_symmetric_key_iam_binding.viewer",
            "module.service-account-create.yandex_resourcemanager_folder_iam_binding.alb-editor",
            "module.service-account-create.yandex_resourcemanager_folder_iam_binding.certificate-downloader",
            "module.service-account-create.yandex_resourcemanager_folder_iam_binding.compute-viewer",
            "module.service-account-create.yandex_resourcemanager_folder_iam_binding.editor",
            "module.service-account-create.yandex_resourcemanager_folder_iam_binding.images-puller",
            "module.service-account-create.yandex_resourcemanager_folder_iam_binding.k8s-clusters-agent",
            "module.service-account-create.yandex_resourcemanager_folder_iam_binding.load-balancer-admin",
            "module.service-account-create.yandex_resourcemanager_folder_iam_binding.vpc-public-admin"
          ]
        }
      ]
    },
    {
      "module": "module.k8s-cluster-create",
      "mode": "managed",
      "type": "yandex_vpc_security_group",
      "name": "k8s-mgmt-sg",
      "provider": "provider[\"registry.terraform.io/yandex-cloud/yandex\"]",
      "instances": [
        {
          "schema_version": 0,
          "attributes": {
            "created_at": "2023-02-19T17:27:25Z",
            "description": "Group for managing the cluster",
            "egress": [],
            "folder_id": "b1gj663jbfpghh0r2qsk",
            "id": "enpdi09eoc39h6c2355m",
            "ingress": [
              {
                "description": "Management rule",
                "from_port": -1,
                "id": "enpa334hq2c86r1ela9d",
                "labels": {},
                "port": 443,
                "predefined_target": "",
                "protocol": "TCP",
                "security_group_id": "",
                "to_port": -1,
                "v4_cidr_blocks": [
                  "0.0.0.0/0"
                ],
                "v6_cidr_blocks": []
              }
            ],
            "labels": {},
            "name": "k8s-mgmt-sg",
            "network_id": "enp50lqriudv4rh4l3bo",
            "status": "ACTIVE",
            "timeouts": null
          },
          "sensitive_attributes": [],
          "private": "eyJlMmJmYjczMC1lY2FhLTExZTYtOGY4OC0zNDM2M2JjN2M0YzAiOnsiY3JlYXRlIjoxODAwMDAwMDAwMDAsImRlbGV0ZSI6MTgwMDAwMDAwMDAwLCJ1cGRhdGUiOjE4MDAwMDAwMDAwMH19",
          "dependencies": [
            "module.network-create.yandex_vpc_network.mynet",
            "module.service-account-create.yandex_iam_service_account.myaccount",
            "module.service-account-create.yandex_kms_symmetric_key.kms-key",
            "module.service-account-create.yandex_kms_symmetric_key_iam_binding.viewer",
            "module.service-account-create.yandex_resourcemanager_folder_iam_binding.alb-editor",
            "module.service-account-create.yandex_resourcemanager_folder_iam_binding.certificate-downloader",
            "module.service-account-create.yandex_resourcemanager_folder_iam_binding.compute-viewer",
            "module.service-account-create.yandex_resourcemanager_folder_iam_binding.editor",
            "module.service-account-create.yandex_resourcemanager_folder_iam_binding.images-puller",
            "module.service-account-create.yandex_resourcemanager_folder_iam_binding.k8s-clusters-agent",
            "module.service-account-create.yandex_resourcemanager_folder_iam_binding.load-balancer-admin",
            "module.service-account-create.yandex_resourcemanager_folder_iam_binding.vpc-public-admin"
          ]
        }
      ]
    },
    {
      "module": "module.k8s-cluster-create",
      "mode": "managed",
      "type": "yandex_vpc_subnet",
      "name": "mysubnet-a",
      "provider": "provider[\"registry.terraform.io/yandex-cloud/yandex\"]",
      "instances": [
        {
          "schema_version": 0,
          "attributes": {
            "created_at": "2023-02-19T17:27:24Z",
            "description": "",
            "dhcp_options": [],
            "folder_id": "b1gj663jbfpghh0r2qsk",
            "id": "e9bllgkgmjtqfi5meah0",
            "labels": {},
            "name": "",
            "network_id": "enp50lqriudv4rh4l3bo",
            "route_table_id": "",
            "timeouts": null,
            "v4_cidr_blocks": [
              "10.5.0.0/16"
            ],
            "v6_cidr_blocks": [],
            "zone": "ru-central1-a"
          },
          "sensitive_attributes": [],
          "private": "eyJlMmJmYjczMC1lY2FhLTExZTYtOGY4OC0zNDM2M2JjN2M0YzAiOnsiY3JlYXRlIjoxODAwMDAwMDAwMDAsImRlbGV0ZSI6MTgwMDAwMDAwMDAwLCJ1cGRhdGUiOjE4MDAwMDAwMDAwMH19",
          "dependencies": [
            "module.network-create.yandex_vpc_network.mynet",
            "module.service-account-create.yandex_iam_service_account.myaccount",
            "module.service-account-create.yandex_kms_symmetric_key.kms-key",
            "module.service-account-create.yandex_kms_symmetric_key_iam_binding.viewer",
            "module.service-account-create.yandex_resourcemanager_folder_iam_binding.alb-editor",
            "module.service-account-create.yandex_resourcemanager_folder_iam_binding.certificate-downloader",
            "module.service-account-create.yandex_resourcemanager_folder_iam_binding.compute-viewer",
            "module.service-account-create.yandex_resourcemanager_folder_iam_binding.editor",
            "module.service-account-create.yandex_resourcemanager_folder_iam_binding.images-puller",
            "module.service-account-create.yandex_resourcemanager_folder_iam_binding.k8s-clusters-agent",
            "module.service-account-create.yandex_resourcemanager_folder_iam_binding.load-balancer-admin",
            "module.service-account-create.yandex_resourcemanager_folder_iam_binding.vpc-public-admin"
          ]
        }
      ]
    },
    {
      "module": "module.k8s-cluster-create",
      "mode": "managed",
      "type": "yandex_vpc_subnet",
      "name": "mysubnet-b",
      "provider": "provider[\"registry.terraform.io/yandex-cloud/yandex\"]",
      "instances": [
        {
          "schema_version": 0,
          "attributes": {
            "created_at": "2023-02-19T17:27:26Z",
            "description": "",
            "dhcp_options": [],
            "folder_id": "b1gj663jbfpghh0r2qsk",
            "id": "e2lkd3uvvgctjg013eb9",
            "labels": {},
            "name": "",
            "network_id": "enp50lqriudv4rh4l3bo",
            "route_table_id": "",
            "timeouts": null,
            "v4_cidr_blocks": [
              "10.6.0.0/16"
            ],
            "v6_cidr_blocks": [],
            "zone": "ru-central1-b"
          },
          "sensitive_attributes": [],
          "private": "eyJlMmJmYjczMC1lY2FhLTExZTYtOGY4OC0zNDM2M2JjN2M0YzAiOnsiY3JlYXRlIjoxODAwMDAwMDAwMDAsImRlbGV0ZSI6MTgwMDAwMDAwMDAwLCJ1cGRhdGUiOjE4MDAwMDAwMDAwMH19",
          "dependencies": [
            "module.network-create.yandex_vpc_network.mynet",
            "module.service-account-create.yandex_iam_service_account.myaccount",
            "module.service-account-create.yandex_kms_symmetric_key.kms-key",
            "module.service-account-create.yandex_kms_symmetric_key_iam_binding.viewer",
            "module.service-account-create.yandex_resourcemanager_folder_iam_binding.alb-editor",
            "module.service-account-create.yandex_resourcemanager_folder_iam_binding.certificate-downloader",
            "module.service-account-create.yandex_resourcemanager_folder_iam_binding.compute-viewer",
            "module.service-account-create.yandex_resourcemanager_folder_iam_binding.editor",
            "module.service-account-create.yandex_resourcemanager_folder_iam_binding.images-puller",
            "module.service-account-create.yandex_resourcemanager_folder_iam_binding.k8s-clusters-agent",
            "module.service-account-create.yandex_resourcemanager_folder_iam_binding.load-balancer-admin",
            "module.service-account-create.yandex_resourcemanager_folder_iam_binding.vpc-public-admin"
          ]
        }
      ]
    },
    {
      "module": "module.k8s-cluster-create",
      "mode": "managed",
      "type": "yandex_vpc_subnet",
      "name": "mysubnet-c",
      "provider": "provider[\"registry.terraform.io/yandex-cloud/yandex\"]",
      "instances": [
        {
          "schema_version": 0,
          "attributes": {
            "created_at": "2023-02-19T17:27:26Z",
            "description": "",
            "dhcp_options": [],
            "folder_id": "b1gj663jbfpghh0r2qsk",
            "id": "b0c9n1m92n0vk332auik",
            "labels": {},
            "name": "",
            "network_id": "enp50lqriudv4rh4l3bo",
            "route_table_id": "",
            "timeouts": null,
            "v4_cidr_blocks": [
              "10.7.0.0/16"
            ],
            "v6_cidr_blocks": [],
            "zone": "ru-central1-c"
          },
          "sensitive_attributes": [],
          "private": "eyJlMmJmYjczMC1lY2FhLTExZTYtOGY4OC0zNDM2M2JjN2M0YzAiOnsiY3JlYXRlIjoxODAwMDAwMDAwMDAsImRlbGV0ZSI6MTgwMDAwMDAwMDAwLCJ1cGRhdGUiOjE4MDAwMDAwMDAwMH19",
          "dependencies": [
            "module.network-create.yandex_vpc_network.mynet",
            "module.service-account-create.yandex_iam_service_account.myaccount",
            "module.service-account-create.yandex_kms_symmetric_key.kms-key",
            "module.service-account-create.yandex_kms_symmetric_key_iam_binding.viewer",
            "module.service-account-create.yandex_resourcemanager_folder_iam_binding.alb-editor",
            "module.service-account-create.yandex_resourcemanager_folder_iam_binding.certificate-downloader",
            "module.service-account-create.yandex_resourcemanager_folder_iam_binding.compute-viewer",
            "module.service-account-create.yandex_resourcemanager_folder_iam_binding.editor",
            "module.service-account-create.yandex_resourcemanager_folder_iam_binding.images-puller",
            "module.service-account-create.yandex_resourcemanager_folder_iam_binding.k8s-clusters-agent",
            "module.service-account-create.yandex_resourcemanager_folder_iam_binding.load-balancer-admin",
            "module.service-account-create.yandex_resourcemanager_folder_iam_binding.vpc-public-admin"
          ]
        }
      ]
    },
    {
      "module": "module.mdb-create",
      "mode": "managed",
      "type": "yandex_mdb_mysql_cluster",
      "name": "my-mysql",
      "provider": "provider[\"registry.terraform.io/yandex-cloud/yandex\"]",
      "instances": [
        {
          "schema_version": 0,
          "attributes": {
            "access": [
              {
                "data_lens": false,
                "data_transfer": false,
                "web_sql": false
              }
            ],
            "allow_regeneration_host": false,
            "backup_retain_period_days": 7,
            "backup_window_start": [
              {
                "hours": 0,
                "minutes": 0
              }
            ],
            "created_at": "2023-02-19T17:27:28Z",
            "database": [],
            "deletion_protection": false,
            "description": "",
            "environment": "PRESTABLE",
            "folder_id": "b1gj663jbfpghh0r2qsk",
            "health": "ALIVE",
            "host": [
              {
                "assign_public_ip": false,
                "backup_priority": 0,
                "fqdn": "rc1a-8yyjtn39sdwlo93s.mdb.yandexcloud.net",
                "name": "",
                "priority": 0,
                "replication_source": "",
                "replication_source_name": "",
                "subnet_id": "e9bb5a2eab7erdr8tct3",
                "zone": "ru-central1-a"
              }
            ],
            "host_group_ids": [],
            "id": "c9qav8ciapmalq8rp1n2",
            "labels": {},
            "maintenance_window": [
              {
                "day": "",
                "hour": 0,
                "type": "ANYTIME"
              }
            ],
            "mysql_config": {
              "binlog_transaction_dependency_tracking": "0",
              "log_slow_rate_type": "0",
              "sql_mode": "ONLY_FULL_GROUP_BY,STRICT_TRANS_TABLES,NO_ZERO_IN_DATE,NO_ZERO_DATE,ERROR_FOR_DIVISION_BY_ZERO,NO_ENGINE_SUBSTITUTION"
            },
            "name": "my-mysql",
            "network_id": "enp50lqriudv4rh4l3bo",
            "performance_diagnostics": [
              {
                "enabled": false,
                "sessions_sampling_interval": 60,
                "statements_sampling_interval": 600
              }
            ],
            "resources": [
              {
                "disk_size": 20,
                "disk_type_id": "network-ssd",
                "resource_preset_id": "s2.micro"
              }
            ],
            "restore": [],
            "security_group_ids": [
              "enpbdckmph6gk11p97ok"
            ],
            "status": "RUNNING",
            "timeouts": null,
            "user": [],
            "version": "8.0"
          },
          "sensitive_attributes": [],
          "private": "eyJlMmJmYjczMC1lY2FhLTExZTYtOGY4OC0zNDM2M2JjN2M0YzAiOnsiY3JlYXRlIjo5MDAwMDAwMDAwMDAsImRlbGV0ZSI6OTAwMDAwMDAwMDAwLCJ1cGRhdGUiOjM2MDAwMDAwMDAwMDB9fQ==",
          "dependencies": [
            "module.mdb-create.yandex_vpc_security_group.mysql-sg",
            "module.mdb-create.yandex_vpc_subnet.mydbsubnet",
            "module.network-create.yandex_vpc_network.mynet",
            "module.service-account-create.yandex_iam_service_account.myaccount",
            "module.service-account-create.yandex_kms_symmetric_key.kms-key",
            "module.service-account-create.yandex_kms_symmetric_key_iam_binding.viewer",
            "module.service-account-create.yandex_resourcemanager_folder_iam_binding.alb-editor",
            "module.service-account-create.yandex_resourcemanager_folder_iam_binding.certificate-downloader",
            "module.service-account-create.yandex_resourcemanager_folder_iam_binding.compute-viewer",
            "module.service-account-create.yandex_resourcemanager_folder_iam_binding.editor",
            "module.service-account-create.yandex_resourcemanager_folder_iam_binding.images-puller",
            "module.service-account-create.yandex_resourcemanager_folder_iam_binding.k8s-clusters-agent",
            "module.service-account-create.yandex_resourcemanager_folder_iam_binding.load-balancer-admin",
            "module.service-account-create.yandex_resourcemanager_folder_iam_binding.vpc-public-admin"
          ]
        }
      ]
    },
    {
      "module": "module.mdb-create",
      "mode": "managed",
      "type": "yandex_mdb_mysql_database",
      "name": "db1",
      "provider": "provider[\"registry.terraform.io/yandex-cloud/yandex\"]",
      "instances": [
        {
          "schema_version": 0,
          "attributes": {
            "cluster_id": "c9qav8ciapmalq8rp1n2",
            "id": "c9qav8ciapmalq8rp1n2:db1",
            "name": "db1",
            "timeouts": null
          },
          "sensitive_attributes": [],
          "private": "eyJlMmJmYjczMC1lY2FhLTExZTYtOGY4OC0zNDM2M2JjN2M0YzAiOnsiY3JlYXRlIjo2MDAwMDAwMDAwMDAsImRlbGV0ZSI6NjAwMDAwMDAwMDAwLCJyZWFkIjo2MDAwMDAwMDAwMCwidXBkYXRlIjo2MDAwMDAwMDAwMDB9fQ==",
          "dependencies": [
            "module.mdb-create.yandex_mdb_mysql_cluster.my-mysql",
            "module.mdb-create.yandex_vpc_security_group.mysql-sg",
            "module.mdb-create.yandex_vpc_subnet.mydbsubnet",
            "module.network-create.yandex_vpc_network.mynet",
            "module.service-account-create.yandex_iam_service_account.myaccount",
            "module.service-account-create.yandex_kms_symmetric_key.kms-key",
            "module.service-account-create.yandex_kms_symmetric_key_iam_binding.viewer",
            "module.service-account-create.yandex_resourcemanager_folder_iam_binding.alb-editor",
            "module.service-account-create.yandex_resourcemanager_folder_iam_binding.certificate-downloader",
            "module.service-account-create.yandex_resourcemanager_folder_iam_binding.compute-viewer",
            "module.service-account-create.yandex_resourcemanager_folder_iam_binding.editor",
            "module.service-account-create.yandex_resourcemanager_folder_iam_binding.images-puller",
            "module.service-account-create.yandex_resourcemanager_folder_iam_binding.k8s-clusters-agent",
            "module.service-account-create.yandex_resourcemanager_folder_iam_binding.load-balancer-admin",
            "module.service-account-create.yandex_resourcemanager_folder_iam_binding.vpc-public-admin"
          ]
        }
      ]
    },
    {
      "module": "module.mdb-create",
      "mode": "managed",
      "type": "yandex_mdb_mysql_user",
      "name": "lab-user",
      "provider": "provider[\"registry.terraform.io/yandex-cloud/yandex\"]",
      "instances": [
        {
          "schema_version": 0,
          "attributes": {
            "authentication_plugin": null,
            "cluster_id": "c9qav8ciapmalq8rp1n2",
            "connection_limits": [],
            "global_permissions": [],
            "id": "c9qav8ciapmalq8rp1n2:lab-user",
            "name": "lab-user",
            "password": "fu293y4823y482fjeio22",
            "permission": [
              {
                "database_name": "db1",
                "roles": [
                  "ALL"
                ]
              }
            ],
            "timeouts": null
          },
          "sensitive_attributes": [],
          "private": "eyJlMmJmYjczMC1lY2FhLTExZTYtOGY4OC0zNDM2M2JjN2M0YzAiOnsiY3JlYXRlIjo2MDAwMDAwMDAwMDAsImRlbGV0ZSI6NjAwMDAwMDAwMDAwLCJyZWFkIjo2MDAwMDAwMDAwMCwidXBkYXRlIjo2MDAwMDAwMDAwMDB9fQ==",
          "dependencies": [
            "module.mdb-create.yandex_mdb_mysql_cluster.my-mysql",
            "module.mdb-create.yandex_mdb_mysql_database.db1",
            "module.mdb-create.yandex_vpc_security_group.mysql-sg",
            "module.mdb-create.yandex_vpc_subnet.mydbsubnet",
            "module.network-create.yandex_vpc_network.mynet",
            "module.service-account-create.yandex_iam_service_account.myaccount",
            "module.service-account-create.yandex_kms_symmetric_key.kms-key",
            "module.service-account-create.yandex_kms_symmetric_key_iam_binding.viewer",
            "module.service-account-create.yandex_resourcemanager_folder_iam_binding.alb-editor",
            "module.service-account-create.yandex_resourcemanager_folder_iam_binding.certificate-downloader",
            "module.service-account-create.yandex_resourcemanager_folder_iam_binding.compute-viewer",
            "module.service-account-create.yandex_resourcemanager_folder_iam_binding.editor",
            "module.service-account-create.yandex_resourcemanager_folder_iam_binding.images-puller",
            "module.service-account-create.yandex_resourcemanager_folder_iam_binding.k8s-clusters-agent",
            "module.service-account-create.yandex_resourcemanager_folder_iam_binding.load-balancer-admin",
            "module.service-account-create.yandex_resourcemanager_folder_iam_binding.vpc-public-admin"
          ]
        }
      ]
    },
    {
      "module": "module.mdb-create",
      "mode": "managed",
      "type": "yandex_vpc_security_group",
      "name": "mysql-sg",
      "provider": "provider[\"registry.terraform.io/yandex-cloud/yandex\"]",
      "instances": [
        {
          "schema_version": 0,
          "attributes": {
            "created_at": "2023-02-19T17:27:27Z",
            "description": "",
            "egress": [],
            "folder_id": "b1gj663jbfpghh0r2qsk",
            "id": "enpbdckmph6gk11p97ok",
            "ingress": [
              {
                "description": "MySQL",
                "from_port": -1,
                "id": "enpma51ia4dkijie3e33",
                "labels": {},
                "port": 3306,
                "predefined_target": "",
                "protocol": "TCP",
                "security_group_id": "",
                "to_port": -1,
                "v4_cidr_blocks": [
                  "0.0.0.0/0"
                ],
                "v6_cidr_blocks": []
              }
            ],
            "labels": {},
            "name": "mysql-sg",
            "network_id": "enp50lqriudv4rh4l3bo",
            "status": "ACTIVE",
            "timeouts": null
          },
          "sensitive_attributes": [],
          "private": "eyJlMmJmYjczMC1lY2FhLTExZTYtOGY4OC0zNDM2M2JjN2M0YzAiOnsiY3JlYXRlIjoxODAwMDAwMDAwMDAsImRlbGV0ZSI6MTgwMDAwMDAwMDAwLCJ1cGRhdGUiOjE4MDAwMDAwMDAwMH19",
          "dependencies": [
            "module.network-create.yandex_vpc_network.mynet",
            "module.service-account-create.yandex_iam_service_account.myaccount",
            "module.service-account-create.yandex_kms_symmetric_key.kms-key",
            "module.service-account-create.yandex_kms_symmetric_key_iam_binding.viewer",
            "module.service-account-create.yandex_resourcemanager_folder_iam_binding.alb-editor",
            "module.service-account-create.yandex_resourcemanager_folder_iam_binding.certificate-downloader",
            "module.service-account-create.yandex_resourcemanager_folder_iam_binding.compute-viewer",
            "module.service-account-create.yandex_resourcemanager_folder_iam_binding.editor",
            "module.service-account-create.yandex_resourcemanager_folder_iam_binding.images-puller",
            "module.service-account-create.yandex_resourcemanager_folder_iam_binding.k8s-clusters-agent",
            "module.service-account-create.yandex_resourcemanager_folder_iam_binding.load-balancer-admin",
            "module.service-account-create.yandex_resourcemanager_folder_iam_binding.vpc-public-admin"
          ]
        }
      ]
    },
    {
      "module": "module.mdb-create",
      "mode": "managed",
      "type": "yandex_vpc_subnet",
      "name": "mydbsubnet",
      "provider": "provider[\"registry.terraform.io/yandex-cloud/yandex\"]",
      "instances": [
        {
          "schema_version": 0,
          "attributes": {
            "created_at": "2023-02-19T17:27:25Z",
            "description": "",
            "dhcp_options": [],
            "folder_id": "b1gj663jbfpghh0r2qsk",
            "id": "e9bb5a2eab7erdr8tct3",
            "labels": {},
            "name": "my_db_subnet",
            "network_id": "enp50lqriudv4rh4l3bo",
            "route_table_id": "",
            "timeouts": null,
            "v4_cidr_blocks": [
              "10.123.0.0/24"
            ],
            "v6_cidr_blocks": [],
            "zone": "ru-central1-a"
          },
          "sensitive_attributes": [],
          "private": "eyJlMmJmYjczMC1lY2FhLTExZTYtOGY4OC0zNDM2M2JjN2M0YzAiOnsiY3JlYXRlIjoxODAwMDAwMDAwMDAsImRlbGV0ZSI6MTgwMDAwMDAwMDAwLCJ1cGRhdGUiOjE4MDAwMDAwMDAwMH19",
          "dependencies": [
            "module.network-create.yandex_vpc_network.mynet",
            "module.service-account-create.yandex_iam_service_account.myaccount",
            "module.service-account-create.yandex_kms_symmetric_key.kms-key",
            "module.service-account-create.yandex_kms_symmetric_key_iam_binding.viewer",
            "module.service-account-create.yandex_resourcemanager_folder_iam_binding.alb-editor",
            "module.service-account-create.yandex_resourcemanager_folder_iam_binding.certificate-downloader",
            "module.service-account-create.yandex_resourcemanager_folder_iam_binding.compute-viewer",
            "module.service-account-create.yandex_resourcemanager_folder_iam_binding.editor",
            "module.service-account-create.yandex_resourcemanager_folder_iam_binding.images-puller",
            "module.service-account-create.yandex_resourcemanager_folder_iam_binding.k8s-clusters-agent",
            "module.service-account-create.yandex_resourcemanager_folder_iam_binding.load-balancer-admin",
            "module.service-account-create.yandex_resourcemanager_folder_iam_binding.vpc-public-admin"
          ]
        }
      ]
    },
    {
      "module": "module.network-create",
      "mode": "managed",
      "type": "yandex_vpc_network",
      "name": "mynet",
      "provider": "provider[\"registry.terraform.io/yandex-cloud/yandex\"]",
      "instances": [
        {
          "schema_version": 0,
          "attributes": {
            "created_at": "2023-02-19T17:27:05Z",
            "default_security_group_id": "",
            "description": "",
            "folder_id": "b1gj663jbfpghh0r2qsk",
            "id": "enp50lqriudv4rh4l3bo",
            "labels": {},
            "name": "mynet",
            "subnet_ids": [
              "b0c3l4as1s75n4cei6hs",
              "b0c9n1m92n0vk332auik",
              "e2l7o0nm26nghc9e29ur",
              "e2lkd3uvvgctjg013eb9",
              "e9b5ct4ardc1p4hj4v4e",
              "e9bb5a2eab7erdr8tct3",
              "e9biu2c999gfl5j0k9qe",
              "e9bllgkgmjtqfi5meah0",
              "e9bok03akfsv4b2vv85t"
            ],
            "timeouts": null
          },
          "sensitive_attributes": [],
          "private": "eyJlMmJmYjczMC1lY2FhLTExZTYtOGY4OC0zNDM2M2JjN2M0YzAiOnsiY3JlYXRlIjo2MDAwMDAwMDAwMCwiZGVsZXRlIjo2MDAwMDAwMDAwMCwidXBkYXRlIjo2MDAwMDAwMDAwMH19"
        }
      ]
    },
    {
      "module": "module.service-account-create",
      "mode": "managed",
      "type": "yandex_iam_service_account",
      "name": "myaccount",
      "provider": "provider[\"registry.terraform.io/yandex-cloud/yandex\"]",
      "instances": [
        {
          "schema_version": 0,
          "attributes": {
            "created_at": "2023-02-19T17:27:05Z",
            "description": "K8S regional service account",
            "folder_id": "b1gj663jbfpghh0r2qsk",
            "id": "aje20ri2d4t47kdnre6m",
            "name": "myaccount",
            "timeouts": null
          },
          "sensitive_attributes": [],
          "private": "eyJlMmJmYjczMC1lY2FhLTExZTYtOGY4OC0zNDM2M2JjN2M0YzAiOnsiY3JlYXRlIjo2MDAwMDAwMDAwMCwiZGVsZXRlIjo2MDAwMDAwMDAwMCwidXBkYXRlIjo2MDAwMDAwMDAwMH19"
        }
      ]
    },
    {
      "module": "module.service-account-create",
      "mode": "managed",
      "type": "yandex_kms_symmetric_key",
      "name": "kms-key",
      "provider": "provider[\"registry.terraform.io/yandex-cloud/yandex\"]",
      "instances": [
        {
          "schema_version": 0,
          "attributes": {
            "created_at": "2023-02-19T17:27:05Z",
            "default_algorithm": "AES_128",
            "description": "",
            "folder_id": "b1gj663jbfpghh0r2qsk",
            "id": "abj9an9pvguh991g8v98",
            "labels": {},
            "name": "kms-key",
            "rotated_at": "",
            "rotation_period": "8760h0m0s",
            "status": "active",
            "timeouts": null
          },
          "sensitive_attributes": [],
          "private": "eyJlMmJmYjczMC1lY2FhLTExZTYtOGY4OC0zNDM2M2JjN2M0YzAiOnsiY3JlYXRlIjo2MDAwMDAwMDAwMCwiZGVsZXRlIjo2MDAwMDAwMDAwMCwicmVhZCI6NjAwMDAwMDAwMDAsInVwZGF0ZSI6NjAwMDAwMDAwMDB9fQ=="
        }
      ]
    },
    {
      "module": "module.service-account-create",
      "mode": "managed",
      "type": "yandex_kms_symmetric_key_iam_binding",
      "name": "viewer",
      "provider": "provider[\"registry.terraform.io/yandex-cloud/yandex\"]",
      "instances": [
        {
          "schema_version": 0,
          "attributes": {
            "id": "abj9an9pvguh991g8v98/viewer",
            "members": [
              "serviceAccount:aje20ri2d4t47kdnre6m"
            ],
            "role": "viewer",
            "sleep_after": null,
            "symmetric_key_id": "abj9an9pvguh991g8v98"
          },
          "sensitive_attributes": [],
          "private": "bnVsbA==",
          "dependencies": [
            "module.service-account-create.yandex_iam_service_account.myaccount",
            "module.service-account-create.yandex_kms_symmetric_key.kms-key"
          ]
        }
      ]
    },
    {
      "module": "module.service-account-create",
      "mode": "managed",
      "type": "yandex_resourcemanager_folder_iam_binding",
      "name": "alb-editor",
      "provider": "provider[\"registry.terraform.io/yandex-cloud/yandex\"]",
      "instances": [
        {
          "schema_version": 0,
          "attributes": {
            "folder_id": "b1gj663jbfpghh0r2qsk",
            "id": "b1gj663jbfpghh0r2qsk/alb.editor",
            "members": [
              "serviceAccount:aje20ri2d4t47kdnre6m"
            ],
            "role": "alb.editor",
            "sleep_after": null
          },
          "sensitive_attributes": [],
          "private": "bnVsbA==",
          "dependencies": [
            "module.service-account-create.yandex_iam_service_account.myaccount"
          ]
        }
      ]
    },
    {
      "module": "module.service-account-create",
      "mode": "managed",
      "type": "yandex_resourcemanager_folder_iam_binding",
      "name": "certificate-downloader",
      "provider": "provider[\"registry.terraform.io/yandex-cloud/yandex\"]",
      "instances": [
        {
          "schema_version": 0,
          "attributes": {
            "folder_id": "b1gj663jbfpghh0r2qsk",
            "id": "b1gj663jbfpghh0r2qsk/certificate-manager.certificates.downloader",
            "members": [
              "serviceAccount:aje20ri2d4t47kdnre6m"
            ],
            "role": "certificate-manager.certificates.downloader",
            "sleep_after": null
          },
          "sensitive_attributes": [],
          "private": "bnVsbA==",
          "dependencies": [
            "module.service-account-create.yandex_iam_service_account.myaccount"
          ]
        }
      ]
    },
    {
      "module": "module.service-account-create",
      "mode": "managed",
      "type": "yandex_resourcemanager_folder_iam_binding",
      "name": "compute-viewer",
      "provider": "provider[\"registry.terraform.io/yandex-cloud/yandex\"]",
      "instances": [
        {
          "schema_version": 0,
          "attributes": {
            "folder_id": "b1gj663jbfpghh0r2qsk",
            "id": "b1gj663jbfpghh0r2qsk/compute.viewer",
            "members": [
              "serviceAccount:aje20ri2d4t47kdnre6m"
            ],
            "role": "compute.viewer",
            "sleep_after": null
          },
          "sensitive_attributes": [],
          "private": "bnVsbA==",
          "dependencies": [
            "module.service-account-create.yandex_iam_service_account.myaccount"
          ]
        }
      ]
    },
    {
      "module": "module.service-account-create",
      "mode": "managed",
      "type": "yandex_resourcemanager_folder_iam_binding",
      "name": "editor",
      "provider": "provider[\"registry.terraform.io/yandex-cloud/yandex\"]",
      "instances": [
        {
          "schema_version": 0,
          "attributes": {
            "folder_id": "b1gj663jbfpghh0r2qsk",
            "id": "b1gj663jbfpghh0r2qsk/editor",
            "members": [
              "serviceAccount:aje20ri2d4t47kdnre6m"
            ],
            "role": "editor",
            "sleep_after": null
          },
          "sensitive_attributes": [],
          "private": "bnVsbA==",
          "dependencies": [
            "module.service-account-create.yandex_iam_service_account.myaccount"
          ]
        }
      ]
    },
    {
      "module": "module.service-account-create",
      "mode": "managed",
      "type": "yandex_resourcemanager_folder_iam_binding",
      "name": "images-puller",
      "provider": "provider[\"registry.terraform.io/yandex-cloud/yandex\"]",
      "instances": [
        {
          "schema_version": 0,
          "attributes": {
            "folder_id": "b1gj663jbfpghh0r2qsk",
            "id": "b1gj663jbfpghh0r2qsk/container-registry.images.puller",
            "members": [
              "serviceAccount:aje20ri2d4t47kdnre6m"
            ],
            "role": "container-registry.images.puller",
            "sleep_after": null
          },
          "sensitive_attributes": [],
          "private": "bnVsbA==",
          "dependencies": [
            "module.service-account-create.yandex_iam_service_account.myaccount"
          ]
        }
      ]
    },
    {
      "module": "module.service-account-create",
      "mode": "managed",
      "type": "yandex_resourcemanager_folder_iam_binding",
      "name": "k8s-clusters-agent",
      "provider": "provider[\"registry.terraform.io/yandex-cloud/yandex\"]",
      "instances": [
        {
          "schema_version": 0,
          "attributes": {
            "folder_id": "b1gj663jbfpghh0r2qsk",
            "id": "b1gj663jbfpghh0r2qsk/k8s.clusters.agent",
            "members": [
              "serviceAccount:aje20ri2d4t47kdnre6m"
            ],
            "role": "k8s.clusters.agent",
            "sleep_after": null
          },
          "sensitive_attributes": [],
          "private": "bnVsbA==",
          "dependencies": [
            "module.service-account-create.yandex_iam_service_account.myaccount"
          ]
        }
      ]
    },
    {
      "module": "module.service-account-create",
      "mode": "managed",
      "type": "yandex_resourcemanager_folder_iam_binding",
      "name": "load-balancer-admin",
      "provider": "provider[\"registry.terraform.io/yandex-cloud/yandex\"]",
      "instances": [
        {
          "schema_version": 0,
          "attributes": {
            "folder_id": "b1gj663jbfpghh0r2qsk",
            "id": "b1gj663jbfpghh0r2qsk/load-balancer.admin",
            "members": [
              "serviceAccount:aje20ri2d4t47kdnre6m"
            ],
            "role": "load-balancer.admin",
            "sleep_after": null
          },
          "sensitive_attributes": [],
          "private": "bnVsbA==",
          "dependencies": [
            "module.service-account-create.yandex_iam_service_account.myaccount"
          ]
        }
      ]
    },
    {
      "module": "module.service-account-create",
      "mode": "managed",
      "type": "yandex_resourcemanager_folder_iam_binding",
      "name": "vpc-public-admin",
      "provider": "provider[\"registry.terraform.io/yandex-cloud/yandex\"]",
      "instances": [
        {
          "schema_version": 0,
          "attributes": {
            "folder_id": "b1gj663jbfpghh0r2qsk",
            "id": "b1gj663jbfpghh0r2qsk/vpc.publicAdmin",
            "members": [
              "serviceAccount:aje20ri2d4t47kdnre6m"
            ],
            "role": "vpc.publicAdmin",
            "sleep_after": null
          },
          "sensitive_attributes": [],
          "private": "bnVsbA==",
          "dependencies": [
            "module.service-account-create.yandex_iam_service_account.myaccount"
          ]
        }
      ]
    }
  ],
  "check_results": null
}
